// !$*UTF8*$!
{
	archiveVersion = 1;
	classes = {
	};
	objectVersion = 45;
	objects = {

/* Begin PBXBuildFile section */
		8D5B49B4048680CD000E48DA /* Cocoa.framework in Frameworks */ = {isa = PBXBuildFile; fileRef = 1058C7ADFEA557BF11CA2CBB /* Cocoa.framework */; };
		CE3641560E2E958200CEF7F3 /* ___PROJECTNAMEASIDENTIFIER___Delegate.m in Sources */ = {isa = PBXBuildFile; fileRef = CE3641550E2E958200CEF7F3 /* ___PROJECTNAMEASIDENTIFIER___Delegate.m */; };
		CEDDCCCB0E2EB95300EA9291 /* ___PROJECTNAMEASIDENTIFIER___Template.html in Resources */ = {isa = PBXBuildFile; fileRef = CEDDCCCA0E2EB95300EA9291 /* ___PROJECTNAMEASIDENTIFIER___Template.html */; };
		CEDDCCCD0E2EB96000EA9291 /* ___PROJECTNAMEASIDENTIFIER___.icns in Resources */ = {isa = PBXBuildFile; fileRef = CEDDCCCC0E2EB96000EA9291 /* ___PROJECTNAMEASIDENTIFIER___.icns */; };
		CEDDCCD10E2EB9CA00EA9291 /* Localized.strings in Resources */ = {isa = PBXBuildFile; fileRef = CEDDCCCF0E2EB9CA00EA9291 /* Localized.strings */; };
		CEDDCCD40E2EB9D900EA9291 /* InfoPlist.strings in Resources */ = {isa = PBXBuildFile; fileRef = CEDDCCD20E2EB9D900EA9291 /* InfoPlist.strings */; };
		CEDDCCE30E2EBA1100EA9291 /* ___PROJECTNAMEASIDENTIFIER___.nib in Resources */ = {isa = PBXBuildFile; fileRef = CEDDCCE10E2EBA1100EA9291 /* ___PROJECTNAMEASIDENTIFIER___.nib */; };
/* End PBXBuildFile section */

/* Begin PBXFileReference section */
		089C1672FE841209C02AAC07 /* Foundation.framework */ = {isa = PBXFileReference; lastKnownFileType = wrapper.framework; name = Foundation.framework; path = /System/Library/Frameworks/Foundation.framework; sourceTree = "<absolute>"; };
		089C167FFE841241C02AAC07 /* AppKit.framework */ = {isa = PBXFileReference; lastKnownFileType = wrapper.framework; name = AppKit.framework; path = /System/Library/Frameworks/AppKit.framework; sourceTree = "<absolute>"; };
		1058C7ADFEA557BF11CA2CBB /* Cocoa.framework */ = {isa = PBXFileReference; lastKnownFileType = wrapper.framework; name = Cocoa.framework; path = /System/Library/Frameworks/Cocoa.framework; sourceTree = "<absolute>"; };
		8D5B49B6048680CD000E48DA /* ___PROJECTNAMEASIDENTIFIER___.svxElement */ = {isa = PBXFileReference; explicitFileType = wrapper.cfbundle; includeInIndex = 0; path = "___PROJECTNAMEASIDENTIFIER___.svxElement"; sourceTree = BUILT_PRODUCTS_DIR; };
		8D5B49B7048680CD000E48DA /* Info.plist */ = {isa = PBXFileReference; fileEncoding = 4; lastKnownFileType = text.plist.xml; path = Info.plist; sourceTree = "<group>"; };
		CE1A1DFB0E2FBD8F00F514FD /* ___PROJECTNAMEASIDENTIFIER____Prefix.pch */ = {isa = PBXFileReference; fileEncoding = 4; lastKnownFileType = sourcecode.c.h; path = "___PROJECTNAMEASIDENTIFIER____Prefix.pch"; sourceTree = "<group>"; };
		CE3641540E2E958200CEF7F3 /* ___PROJECTNAMEASIDENTIFIER___Delegate.h */ = {isa = PBXFileReference; fileEncoding = 4; lastKnownFileType = sourcecode.c.h; path = "___PROJECTNAMEASIDENTIFIER___Delegate.h"; sourceTree = "<group>"; };
		CE3641550E2E958200CEF7F3 /* ___PROJECTNAMEASIDENTIFIER___Delegate.m */ = {isa = PBXFileReference; fileEncoding = 4; lastKnownFileType = sourcecode.c.objc; path = "___PROJECTNAMEASIDENTIFIER___Delegate.m"; sourceTree = "<group>"; };
		CE36418B0E2E9D6A00CEF7F3 /* Debug.xcconfig */ = {isa = PBXFileReference; fileEncoding = 4; lastKnownFileType = text.xcconfig; path = Debug.xcconfig; sourceTree = "<group>"; };
		CE36418C0E2E9D6A00CEF7F3 /* Release.xcconfig */ = {isa = PBXFileReference; fileEncoding = 4; lastKnownFileType = text.xcconfig; path = Release.xcconfig; sourceTree = "<group>"; };
		CEDDCCCA0E2EB95300EA9291 /* ___PROJECTNAMEASIDENTIFIER___Template.html */ = {isa = PBXFileReference; fileEncoding = 4; lastKnownFileType = text.html; path = "___PROJECTNAMEASIDENTIFIER___Template.html"; sourceTree = "<group>"; };
		CEDDCCCC0E2EB96000EA9291 /* ___PROJECTNAMEASIDENTIFIER___.icns */ = {isa = PBXFileReference; lastKnownFileType = image.icns; path = "___PROJECTNAMEASIDENTIFIER___.icns"; sourceTree = "<group>"; };
		CEDDCCD00E2EB9CA00EA9291 /* en */ = {isa = PBXFileReference; fileEncoding = 10; lastKnownFileType = text.plist.strings; name = en; path = en.lproj/Localized.strings; sourceTree = "<group>"; };
		CEDDCCD30E2EB9D900EA9291 /* en */ = {isa = PBXFileReference; fileEncoding = 10; lastKnownFileType = text.plist.strings; name = en; path = en.lproj/InfoPlist.strings; sourceTree = "<group>"; };
		CEDDCCE20E2EBA1100EA9291 /* en */ = {isa = PBXFileReference; lastKnownFileType = wrapper.nib; name = en; path = "en.lproj/___PROJECTNAMEASIDENTIFIER___.nib"; sourceTree = "<group>"; };
		D2F7E65807B2D6F200F64583 /* CoreData.framework */ = {isa = PBXFileReference; lastKnownFileType = wrapper.framework; name = CoreData.framework; path = /System/Library/Frameworks/CoreData.framework; sourceTree = "<absolute>"; };
/* End PBXFileReference section */

/* Begin PBXFrameworksBuildPhase section */
		8D5B49B3048680CD000E48DA /* Frameworks */ = {
			isa = PBXFrameworksBuildPhase;
			buildActionMask = 2147483647;
			files = (
				8D5B49B4048680CD000E48DA /* Cocoa.framework in Frameworks */,
			);
			runOnlyForDeploymentPostprocessing = 0;
		};
/* End PBXFrameworksBuildPhase section */

/* Begin PBXGroup section */
		089C166AFE841209C02AAC07 /* ___PROJECTNAMEASIDENTIFIER___ */ = {
			isa = PBXGroup;
			children = (
				08FB77AFFE84173DC02AAC07 /* Classes */,
				32C88E010371C26100C91783 /* Other Sources */,
				089C167CFE841241C02AAC07 /* Resources */,
				CE36418A0E2E9D6A00CEF7F3 /* Xcode Configurations */,
				089C1671FE841209C02AAC07 /* Frameworks and Libraries */,
				19C28FB8FE9D52D311CA2CBB /* Products */,
			);
			name = "___PROJECTNAMEASIDENTIFIER___";
			sourceTree = "<group>";
		};
		089C1671FE841209C02AAC07 /* Frameworks and Libraries */ = {
			isa = PBXGroup;
			children = (
				1058C7ACFEA557BF11CA2CBB /* Linked Frameworks */,
				1058C7AEFEA557BF11CA2CBB /* Other Frameworks */,
			);
			name = "Frameworks and Libraries";
			sourceTree = "<group>";
		};
		089C167CFE841241C02AAC07 /* Resources */ = {
			isa = PBXGroup;
			children = (
				CEDDCCCA0E2EB95300EA9291 /* ___PROJECTNAMEASIDENTIFIER___Template.html */,
				CEDDCCCC0E2EB96000EA9291 /* ___PROJECTNAMEASIDENTIFIER___.icns */,
				8D5B49B7048680CD000E48DA /* Info.plist */,
				CEDDCCE10E2EBA1100EA9291 /* ___PROJECTNAMEASIDENTIFIER___.nib */,
				CEDDCCD20E2EB9D900EA9291 /* InfoPlist.strings */,
				CEDDCCCF0E2EB9CA00EA9291 /* Localized.strings */,
			);
			name = Resources;
			sourceTree = "<group>";
		};
		08FB77AFFE84173DC02AAC07 /* Classes */ = {
			isa = PBXGroup;
			children = (
				CE3641540E2E958200CEF7F3 /* ___PROJECTNAMEASIDENTIFIER___Delegate.h */,
				CE3641550E2E958200CEF7F3 /* ___PROJECTNAMEASIDENTIFIER___Delegate.m */,
			);
			name = Classes;
			sourceTree = "<group>";
		};
		1058C7ACFEA557BF11CA2CBB /* Linked Frameworks */ = {
			isa = PBXGroup;
			children = (
				1058C7ADFEA557BF11CA2CBB /* Cocoa.framework */,
			);
			name = "Linked Frameworks";
			sourceTree = "<group>";
		};
		1058C7AEFEA557BF11CA2CBB /* Other Frameworks */ = {
			isa = PBXGroup;
			children = (
				089C167FFE841241C02AAC07 /* AppKit.framework */,
				D2F7E65807B2D6F200F64583 /* CoreData.framework */,
				089C1672FE841209C02AAC07 /* Foundation.framework */,
			);
			name = "Other Frameworks";
			sourceTree = "<group>";
		};
		19C28FB8FE9D52D311CA2CBB /* Products */ = {
			isa = PBXGroup;
			children = (
				8D5B49B6048680CD000E48DA /* ___PROJECTNAMEASIDENTIFIER___.svxElement */,
			);
			name = Products;
			sourceTree = "<group>";
		};
		32C88E010371C26100C91783 /* Other Sources */ = {
			isa = PBXGroup;
			children = (
				CE1A1DFB0E2FBD8F00F514FD /* ___PROJECTNAMEASIDENTIFIER____Prefix.pch */,
			);
			name = "Other Sources";
			sourceTree = "<group>";
		};
		CE36418A0E2E9D6A00CEF7F3 /* Xcode Configurations */ = {
			isa = PBXGroup;
			children = (
				CE36418B0E2E9D6A00CEF7F3 /* Debug.xcconfig */,
				CE36418C0E2E9D6A00CEF7F3 /* Release.xcconfig */,
			);
			name = "Xcode Configurations";
			sourceTree = "<group>";
		};
/* End PBXGroup section */

/* Begin PBXNativeTarget section */
		8D5B49AC048680CD000E48DA /* ___PROJECTNAMEASIDENTIFIER___ */ = {
			isa = PBXNativeTarget;
			buildConfigurationList = 1DEB913A08733D840010E9CD /* Build configuration list for PBXNativeTarget "___PROJECTNAMEASIDENTIFIER___" */;
			buildPhases = (
				8D5B49B1048680CD000E48DA /* Sources */,
				8D5B49B3048680CD000E48DA /* Frameworks */,
				8D5B49AF048680CD000E48DA /* Resources */,
			);
			buildRules = (
			);
			dependencies = (
			);
			name = "___PROJECTNAMEASIDENTIFIER___";
			productInstallPath = "$(HOME)/Library/Bundles";
			productName = "___PROJECTNAMEASIDENTIFIER___";
			productReference = 8D5B49B6048680CD000E48DA /* ___PROJECTNAMEASIDENTIFIER___.svxElement */;
			productType = "com.apple.product-type.bundle";
		};
/* End PBXNativeTarget section */

/* Begin PBXProject section */
		089C1669FE841209C02AAC07 /* Project object */ = {
			isa = PBXProject;
			buildConfigurationList = 1DEB913E08733D840010E9CD /* Build configuration list for PBXProject "___PROJECTNAME___" */;
			compatibilityVersion = "Xcode 3.1";
			hasScannedForEncodings = 1;
			knownRegions = (
				English,
				Japanese,
				French,
				German,
				en,
			);
			mainGroup = 089C166AFE841209C02AAC07 /* ___PROJECTNAMEASIDENTIFIER___ */;
			projectDirPath = "";
			projectRoot = "";
			targets = (
				8D5B49AC048680CD000E48DA /* ___PROJECTNAMEASIDENTIFIER___ */,
			);
		};
/* End PBXProject section */

/* Begin PBXResourcesBuildPhase section */
		8D5B49AF048680CD000E48DA /* Resources */ = {
			isa = PBXResourcesBuildPhase;
			buildActionMask = 2147483647;
			files = (
				CEDDCCCB0E2EB95300EA9291 /* ___PROJECTNAMEASIDENTIFIER___Template.html in Resources */,
				CEDDCCCD0E2EB96000EA9291 /* ___PROJECTNAMEASIDENTIFIER___.icns in Resources */,
				CEDDCCD10E2EB9CA00EA9291 /* Localized.strings in Resources */,
				CEDDCCD40E2EB9D900EA9291 /* InfoPlist.strings in Resources */,
				CEDDCCE30E2EBA1100EA9291 /* ___PROJECTNAMEASIDENTIFIER___.nib in Resources */,
			);
			runOnlyForDeploymentPostprocessing = 0;
		};
/* End PBXResourcesBuildPhase section */

/* Begin PBXSourcesBuildPhase section */
		8D5B49B1048680CD000E48DA /* Sources */ = {
			isa = PBXSourcesBuildPhase;
			buildActionMask = 2147483647;
			files = (
				CE3641560E2E958200CEF7F3 /* ___PROJECTNAMEASIDENTIFIER___Delegate.m in Sources */,
			);
			runOnlyForDeploymentPostprocessing = 0;
		};
/* End PBXSourcesBuildPhase section */

/* Begin PBXVariantGroup section */
		CEDDCCCF0E2EB9CA00EA9291 /* Localized.strings */ = {
			isa = PBXVariantGroup;
			children = (
				CEDDCCD00E2EB9CA00EA9291 /* en */,
			);
			name = Localized.strings;
			sourceTree = "<group>";
		};
		CEDDCCD20E2EB9D900EA9291 /* InfoPlist.strings */ = {
			isa = PBXVariantGroup;
			children = (
				CEDDCCD30E2EB9D900EA9291 /* en */,
			);
			name = InfoPlist.strings;
			sourceTree = "<group>";
		};
		CEDDCCE10E2EBA1100EA9291 /* ___PROJECTNAMEASIDENTIFIER___.nib */ = {
			isa = PBXVariantGroup;
			children = (
				CEDDCCE20E2EBA1100EA9291 /* en */,
			);
			name = "___PROJECTNAMEASIDENTIFIER___.nib";
			sourceTree = "<group>";
		};
/* End PBXVariantGroup section */

/* Begin XCBuildConfiguration section */
		1DEB913B08733D840010E9CD /* Debug */ = {
			isa = XCBuildConfiguration;
			baseConfigurationReference = CE36418B0E2E9D6A00CEF7F3 /* Debug.xcconfig */;
			buildSettings = {
				INFOPLIST_FILE = Info.plist;
				PRODUCT_NAME = "___PROJECTNAMEASIDENTIFIER___";
				WRAPPER_EXTENSION = svxElement;
			};
			name = Debug;
		};
		1DEB913C08733D840010E9CD /* Release */ = {
			isa = XCBuildConfiguration;
			baseConfigurationReference = CE36418C0E2E9D6A00CEF7F3 /* Release.xcconfig */;
			buildSettings = {
				INFOPLIST_FILE = Info.plist;
				PRODUCT_NAME = "___PROJECTNAMEASIDENTIFIER___";
				WRAPPER_EXTENSION = svxElement;
			};
			name = Release;
		};
		1DEB913F08733D840010E9CD /* Debug */ = {
			isa = XCBuildConfiguration;
			buildSettings = {
			};
			name = Debug;
		};
		1DEB914008733D840010E9CD /* Release */ = {
			isa = XCBuildConfiguration;
			buildSettings = {
			};
			name = Release;
		};
/* End XCBuildConfiguration section */

/* Begin XCConfigurationList section */
		1DEB913A08733D840010E9CD /* Build configuration list for PBXNativeTarget "___PROJECTNAMEASIDENTIFIER___" */ = {
			isa = XCConfigurationList;
			buildConfigurations = (
				1DEB913B08733D840010E9CD /* Debug */,
				1DEB913C08733D840010E9CD /* Release */,
			);
			defaultConfigurationIsVisible = 0;
			defaultConfigurationName = Release;
		};
		1DEB913E08733D840010E9CD /* Build configuration list for PBXProject "___PROJECTNAME___" */ = {
			isa = XCConfigurationList;
			buildConfigurations = (
				1DEB913F08733D840010E9CD /* Debug */,
				1DEB914008733D840010E9CD /* Release */,
			);
			defaultConfigurationIsVisible = 0;
			defaultConfigurationName = Release;
		};
/* End XCConfigurationList section */
	};
	rootObject = 089C1669FE841209C02AAC07 /* Project object */;
}
