// !$*UTF8*$!
{
	archiveVersion = 1;
	classes = {
	};
	objectVersion = 44;
	objects = {

/* Begin PBXBuildFile section */
		3C0951390D5D0DBE00DE6F62 /* PhotoGridIndex.m in Sources */ = {isa = PBXBuildFile; fileRef = 3C0951380D5D0DBE00DE6F62 /* PhotoGridIndex.m */; };
		3C0951460D5D0E1700DE6F62 /* photoalbum.icns in Resources */ = {isa = PBXBuildFile; fileRef = 3C0951440D5D0E1700DE6F62 /* photoalbum.icns */; };
		3C0951470D5D0E1700DE6F62 /* PhotoGridIndexTemplate.html in Resources */ = {isa = PBXBuildFile; fileRef = 3C0951450D5D0E1700DE6F62 /* PhotoGridIndexTemplate.html */; };
		3C0951520D5D0E8100DE6F62 /* Localizable.strings in Resources */ = {isa = PBXBuildFile; fileRef = 3C0951500D5D0E8100DE6F62 /* Localizable.strings */; };
		3C09515D0D5D0EE200DE6F62 /* License.rtf in Resources */ = {isa = PBXBuildFile; fileRef = 3C09515C0D5D0EE200DE6F62 /* License.rtf */; };
		8D5B49B0048680CD000E48DA /* InfoPlist.strings in Resources */ = {isa = PBXBuildFile; fileRef = 089C167DFE841241C02AAC07 /* InfoPlist.strings */; };
		8D5B49B4048680CD000E48DA /* Cocoa.framework in Frameworks */ = {isa = PBXBuildFile; fileRef = 1058C7ADFEA557BF11CA2CBB /* Cocoa.framework */; };
/* End PBXBuildFile section */

/* Begin PBXFileReference section */
		089C1672FE841209C02AAC07 /* Foundation.framework */ = {isa = PBXFileReference; lastKnownFileType = wrapper.framework; name = Foundation.framework; path = /System/Library/Frameworks/Foundation.framework; sourceTree = "<absolute>"; };
		089C167FFE841241C02AAC07 /* AppKit.framework */ = {isa = PBXFileReference; lastKnownFileType = wrapper.framework; name = AppKit.framework; path = /System/Library/Frameworks/AppKit.framework; sourceTree = "<absolute>"; };
		1058C7ADFEA557BF11CA2CBB /* Cocoa.framework */ = {isa = PBXFileReference; lastKnownFileType = wrapper.framework; name = Cocoa.framework; path = /System/Library/Frameworks/Cocoa.framework; sourceTree = "<absolute>"; };
		32DBCF630370AF2F00C91783 /* PhotoGridIndex_Prefix.pch */ = {isa = PBXFileReference; fileEncoding = 4; lastKnownFileType = sourcecode.c.h; path = PhotoGridIndex_Prefix.pch; sourceTree = "<group>"; };
		3C0951370D5D0DBE00DE6F62 /* PhotoGridIndex.h */ = {isa = PBXFileReference; fileEncoding = 4; lastKnownFileType = sourcecode.c.h; path = PhotoGridIndex.h; sourceTree = "<group>"; };
		3C0951380D5D0DBE00DE6F62 /* PhotoGridIndex.m */ = {isa = PBXFileReference; fileEncoding = 4; lastKnownFileType = sourcecode.c.objc; path = PhotoGridIndex.m; sourceTree = "<group>"; };
		3C09513D0D5D0DE700DE6F62 /* Debug.xcconfig */ = {isa = PBXFileReference; fileEncoding = 4; lastKnownFileType = text.xcconfig; name = Debug.xcconfig; path = ../../Configurations/Debug.xcconfig; sourceTree = SOURCE_ROOT; };
		3C09513E0D5D0DE700DE6F62 /* Release.xcconfig */ = {isa = PBXFileReference; fileEncoding = 4; lastKnownFileType = text.xcconfig; name = Release.xcconfig; path = ../../Configurations/Release.xcconfig; sourceTree = SOURCE_ROOT; };
		3C0951440D5D0E1700DE6F62 /* photoalbum.icns */ = {isa = PBXFileReference; lastKnownFileType = image.icns; path = photoalbum.icns; sourceTree = "<group>"; };
		3C0951450D5D0E1700DE6F62 /* PhotoGridIndexTemplate.html */ = {isa = PBXFileReference; fileEncoding = 4; lastKnownFileType = text.html; path = PhotoGridIndexTemplate.html; sourceTree = "<group>"; };
		3C0951480D5D0E3100DE6F62 /* en */ = {isa = PBXFileReference; fileEncoding = 10; lastKnownFileType = text.plist.strings; lineEnding = 0; name = en; path = en.lproj/InfoPlist.strings; sourceTree = "<group>"; };
		3C0951490D5D0E3E00DE6F62 /* da */ = {isa = PBXFileReference; fileEncoding = 10; lastKnownFileType = text.plist.strings; lineEnding = 0; name = da; path = da.lproj/InfoPlist.strings; sourceTree = "<group>"; };
		3C09514A0D5D0E4400DE6F62 /* de */ = {isa = PBXFileReference; fileEncoding = 10; lastKnownFileType = text.plist.strings; lineEnding = 0; name = de; path = de.lproj/InfoPlist.strings; sourceTree = "<group>"; };
		3C09514B0D5D0E4C00DE6F62 /* fr */ = {isa = PBXFileReference; fileEncoding = 10; lastKnownFileType = text.plist.strings; lineEnding = 0; name = fr; path = fr.lproj/InfoPlist.strings; sourceTree = "<group>"; };
		3C09514C0D5D0E5600DE6F62 /* it */ = {isa = PBXFileReference; fileEncoding = 10; lastKnownFileType = text.plist.strings; lineEnding = 0; name = it; path = it.lproj/InfoPlist.strings; sourceTree = "<group>"; };
		3C09514D0D5D0E5F00DE6F62 /* ja */ = {isa = PBXFileReference; fileEncoding = 10; lastKnownFileType = text.plist.strings; lineEnding = 0; name = ja; path = ja.lproj/InfoPlist.strings; sourceTree = "<group>"; };
		3C09514E0D5D0E6900DE6F62 /* zh_CN */ = {isa = PBXFileReference; fileEncoding = 10; lastKnownFileType = text.plist.strings; lineEnding = 0; name = zh_CN; path = zh_CN.lproj/InfoPlist.strings; sourceTree = "<group>"; };
		3C09514F0D5D0E6F00DE6F62 /* zh_TW */ = {isa = PBXFileReference; fileEncoding = 10; lastKnownFileType = text.plist.strings; lineEnding = 0; name = zh_TW; path = zh_TW.lproj/InfoPlist.strings; sourceTree = "<group>"; };
		3C0951510D5D0E8100DE6F62 /* en */ = {isa = PBXFileReference; fileEncoding = 10; lastKnownFileType = text.plist.strings; lineEnding = 0; name = en; path = en.lproj/Localizable.strings; sourceTree = "<group>"; };
		3C0951550D5D0E9200DE6F62 /* da */ = {isa = PBXFileReference; fileEncoding = 10; lastKnownFileType = text.plist.strings; lineEnding = 0; name = da; path = da.lproj/Localizable.strings; sourceTree = "<group>"; };
		3C0951560D5D0E9800DE6F62 /* de */ = {isa = PBXFileReference; fileEncoding = 10; lastKnownFileType = text.plist.strings; lineEnding = 0; name = de; path = de.lproj/Localizable.strings; sourceTree = "<group>"; };
		3C0951570D5D0E9F00DE6F62 /* fr */ = {isa = PBXFileReference; fileEncoding = 10; lastKnownFileType = text.plist.strings; lineEnding = 0; name = fr; path = fr.lproj/Localizable.strings; sourceTree = "<group>"; };
		3C0951580D5D0EAA00DE6F62 /* it */ = {isa = PBXFileReference; fileEncoding = 10; lastKnownFileType = text.plist.strings; lineEnding = 0; name = it; path = it.lproj/Localizable.strings; sourceTree = "<group>"; };
		3C0951590D5D0EB500DE6F62 /* ja */ = {isa = PBXFileReference; fileEncoding = 10; lastKnownFileType = text.plist.strings; lineEnding = 0; name = ja; path = ja.lproj/Localizable.strings; sourceTree = "<group>"; };
		3C09515A0D5D0EBF00DE6F62 /* zh_CN */ = {isa = PBXFileReference; fileEncoding = 10; lastKnownFileType = text.plist.strings; lineEnding = 0; name = zh_CN; path = zh_CN.lproj/Localizable.strings; sourceTree = "<group>"; };
		3C09515B0D5D0EC500DE6F62 /* zh_TW */ = {isa = PBXFileReference; fileEncoding = 10; lastKnownFileType = text.plist.strings; lineEnding = 0; name = zh_TW; path = zh_TW.lproj/Localizable.strings; sourceTree = "<group>"; };
		3C09515C0D5D0EE200DE6F62 /* License.rtf */ = {isa = PBXFileReference; lastKnownFileType = text.rtf; name = License.rtf; path = ../../License.rtf; sourceTree = SOURCE_ROOT; };
		8D5B49B6048680CD000E48DA /* PhotoGrid.svxIndex */ = {isa = PBXFileReference; explicitFileType = wrapper.cfbundle; includeInIndex = 0; path = PhotoGrid.svxIndex; sourceTree = BUILT_PRODUCTS_DIR; };
		8D5B49B7048680CD000E48DA /* Info.plist */ = {isa = PBXFileReference; fileEncoding = 4; lastKnownFileType = text.plist.xml; path = Info.plist; sourceTree = "<group>"; };
		CEB4FDA810309DF60054C9BE /* pt_BR */ = {isa = PBXFileReference; lastKnownFileType = text.plist.strings; name = pt_BR; path = pt_BR.lproj/InfoPlist.strings; sourceTree = "<group>"; };
		CEB4FDA910309DF60054C9BE /* pt_BR */ = {isa = PBXFileReference; lastKnownFileType = text.plist.strings; name = pt_BR; path = pt_BR.lproj/Localizable.strings; sourceTree = "<group>"; };
		D2F7E65807B2D6F200F64583 /* CoreData.framework */ = {isa = PBXFileReference; lastKnownFileType = wrapper.framework; name = CoreData.framework; path = /System/Library/Frameworks/CoreData.framework; sourceTree = "<absolute>"; };
/* End PBXFileReference section */

/* Begin PBXFrameworksBuildPhase section */
		8D5B49B3048680CD000E48DA /* Frameworks */ = {
			isa = PBXFrameworksBuildPhase;
			buildActionMask = 2147483647;
			files = (
				8D5B49B4048680CD000E48DA /* Cocoa.framework in Frameworks */,
			);
			runOnlyForDeploymentPostprocessing = 0;
		};
/* End PBXFrameworksBuildPhase section */

/* Begin PBXGroup section */
		089C166AFE841209C02AAC07 /* PhotoGridIndex */ = {
			isa = PBXGroup;
			children = (
				08FB77AFFE84173DC02AAC07 /* Classes */,
				32C88E010371C26100C91783 /* Other Sources */,
				089C167CFE841241C02AAC07 /* Resources */,
				089C1671FE841209C02AAC07 /* Frameworks and Libraries */,
				19C28FB8FE9D52D311CA2CBB /* Products */,
				3C0951410D5D0DEE00DE6F62 /* Xcode Configurations */,
			);
			name = PhotoGridIndex;
			sourceTree = "<group>";
		};
		089C1671FE841209C02AAC07 /* Frameworks and Libraries */ = {
			isa = PBXGroup;
			children = (
				1058C7ACFEA557BF11CA2CBB /* Linked Frameworks */,
				1058C7AEFEA557BF11CA2CBB /* Other Frameworks */,
			);
			name = "Frameworks and Libraries";
			sourceTree = "<group>";
		};
		089C167CFE841241C02AAC07 /* Resources */ = {
			isa = PBXGroup;
			children = (
				8D5B49B7048680CD000E48DA /* Info.plist */,
				089C167DFE841241C02AAC07 /* InfoPlist.strings */,
				3C09515C0D5D0EE200DE6F62 /* License.rtf */,
				3C0951500D5D0E8100DE6F62 /* Localizable.strings */,
				3C0951450D5D0E1700DE6F62 /* PhotoGridIndexTemplate.html */,
				3C0951440D5D0E1700DE6F62 /* photoalbum.icns */,
			);
			name = Resources;
			sourceTree = "<group>";
		};
		08FB77AFFE84173DC02AAC07 /* Classes */ = {
			isa = PBXGroup;
			children = (
				3C0951370D5D0DBE00DE6F62 /* PhotoGridIndex.h */,
				3C0951380D5D0DBE00DE6F62 /* PhotoGridIndex.m */,
			);
			name = Classes;
			sourceTree = "<group>";
		};
		1058C7ACFEA557BF11CA2CBB /* Linked Frameworks */ = {
			isa = PBXGroup;
			children = (
				1058C7ADFEA557BF11CA2CBB /* Cocoa.framework */,
			);
			name = "Linked Frameworks";
			sourceTree = "<group>";
		};
		1058C7AEFEA557BF11CA2CBB /* Other Frameworks */ = {
			isa = PBXGroup;
			children = (
				089C167FFE841241C02AAC07 /* AppKit.framework */,
				D2F7E65807B2D6F200F64583 /* CoreData.framework */,
				089C1672FE841209C02AAC07 /* Foundation.framework */,
			);
			name = "Other Frameworks";
			sourceTree = "<group>";
		};
		19C28FB8FE9D52D311CA2CBB /* Products */ = {
			isa = PBXGroup;
			children = (
				8D5B49B6048680CD000E48DA /* PhotoGrid.svxIndex */,
			);
			name = Products;
			sourceTree = "<group>";
		};
		32C88E010371C26100C91783 /* Other Sources */ = {
			isa = PBXGroup;
			children = (
				32DBCF630370AF2F00C91783 /* PhotoGridIndex_Prefix.pch */,
			);
			name = "Other Sources";
			sourceTree = "<group>";
		};
		3C0951410D5D0DEE00DE6F62 /* Xcode Configurations */ = {
			isa = PBXGroup;
			children = (
				3C09513D0D5D0DE700DE6F62 /* Debug.xcconfig */,
				3C09513E0D5D0DE700DE6F62 /* Release.xcconfig */,
			);
			name = "Xcode Configurations";
			sourceTree = "<group>";
		};
/* End PBXGroup section */

/* Begin PBXNativeTarget section */
		8D5B49AC048680CD000E48DA /* PhotoGridIndex */ = {
			isa = PBXNativeTarget;
			buildConfigurationList = 1DEB913A08733D840010E9CD /* Build configuration list for PBXNativeTarget "PhotoGridIndex" */;
			buildPhases = (
				8D5B49AF048680CD000E48DA /* Resources */,
				8D5B49B1048680CD000E48DA /* Sources */,
				8D5B49B3048680CD000E48DA /* Frameworks */,
			);
			buildRules = (
			);
			dependencies = (
			);
			name = PhotoGridIndex;
			productInstallPath = "$(HOME)/Library/Bundles";
			productName = PhotoGridIndex;
			productReference = 8D5B49B6048680CD000E48DA /* PhotoGrid.svxIndex */;
			productType = "com.apple.product-type.bundle";
		};
/* End PBXNativeTarget section */

/* Begin PBXProject section */
		089C1669FE841209C02AAC07 /* Project object */ = {
			isa = PBXProject;
			buildConfigurationList = 1DEB913E08733D840010E9CD /* Build configuration list for PBXProject "PhotoGridIndex" */;
			compatibilityVersion = "Xcode 3.0";
			developmentRegion = en;
			hasScannedForEncodings = 1;
			knownRegions = (
				English,
				da,
				de,
				es,
				fr,
				it,
				ja,
				pt_BR,
				zh_CN,
				zh_TW,
				en,
			);
			mainGroup = 089C166AFE841209C02AAC07 /* PhotoGridIndex */;
			projectDirPath = "";
			projectRoot = "";
			targets = (
				8D5B49AC048680CD000E48DA /* PhotoGridIndex */,
			);
		};
/* End PBXProject section */

/* Begin PBXResourcesBuildPhase section */
		8D5B49AF048680CD000E48DA /* Resources */ = {
			isa = PBXResourcesBuildPhase;
			buildActionMask = 2147483647;
			files = (
				8D5B49B0048680CD000E48DA /* InfoPlist.strings in Resources */,
				3C0951460D5D0E1700DE6F62 /* photoalbum.icns in Resources */,
				3C0951470D5D0E1700DE6F62 /* PhotoGridIndexTemplate.html in Resources */,
				3C0951520D5D0E8100DE6F62 /* Localizable.strings in Resources */,
				3C09515D0D5D0EE200DE6F62 /* License.rtf in Resources */,
			);
			runOnlyForDeploymentPostprocessing = 0;
		};
/* End PBXResourcesBuildPhase section */

/* Begin PBXSourcesBuildPhase section */
		8D5B49B1048680CD000E48DA /* Sources */ = {
			isa = PBXSourcesBuildPhase;
			buildActionMask = 2147483647;
			files = (
				3C0951390D5D0DBE00DE6F62 /* PhotoGridIndex.m in Sources */,
			);
			runOnlyForDeploymentPostprocessing = 0;
		};
/* End PBXSourcesBuildPhase section */

/* Begin PBXVariantGroup section */
		089C167DFE841241C02AAC07 /* InfoPlist.strings */ = {
			isa = PBXVariantGroup;
			children = (
				3C0951480D5D0E3100DE6F62 /* en */,
				3C0951490D5D0E3E00DE6F62 /* da */,
				3C09514A0D5D0E4400DE6F62 /* de */,
				3C09514B0D5D0E4C00DE6F62 /* fr */,
				3C09514C0D5D0E5600DE6F62 /* it */,
				3C09514D0D5D0E5F00DE6F62 /* ja */,
				3C09514E0D5D0E6900DE6F62 /* zh_CN */,
				3C09514F0D5D0E6F00DE6F62 /* zh_TW */,
				CEB4FDA810309DF60054C9BE /* pt_BR */,
			);
			name = InfoPlist.strings;
			sourceTree = "<group>";
		};
		3C0951500D5D0E8100DE6F62 /* Localizable.strings */ = {
			isa = PBXVariantGroup;
			children = (
				3C0951510D5D0E8100DE6F62 /* en */,
				3C0951550D5D0E9200DE6F62 /* da */,
				3C0951560D5D0E9800DE6F62 /* de */,
				3C0951570D5D0E9F00DE6F62 /* fr */,
				3C0951580D5D0EAA00DE6F62 /* it */,
				3C0951590D5D0EB500DE6F62 /* ja */,
				3C09515A0D5D0EBF00DE6F62 /* zh_CN */,
				3C09515B0D5D0EC500DE6F62 /* zh_TW */,
				CEB4FDA910309DF60054C9BE /* pt_BR */,
			);
			name = Localizable.strings;
			sourceTree = "<group>";
		};
/* End PBXVariantGroup section */

/* Begin XCBuildConfiguration section */
		1DEB913B08733D840010E9CD /* Debug */ = {
			isa = XCBuildConfiguration;
			baseConfigurationReference = 3C09513D0D5D0DE700DE6F62 /* Debug.xcconfig */;
			buildSettings = {
				INFOPLIST_FILE = Info.plist;
				OTHER_LDFLAGS = (
					"-seg1addr",
					0x50320000,
				);
				PRODUCT_NAME = PhotoGrid;
				WRAPPER_EXTENSION = svxIndex;
			};
			name = Debug;
		};
		1DEB913C08733D840010E9CD /* Release */ = {
			isa = XCBuildConfiguration;
			baseConfigurationReference = 3C09513E0D5D0DE700DE6F62 /* Release.xcconfig */;
			buildSettings = {
				INFOPLIST_FILE = Info.plist;
				OTHER_LDFLAGS = (
					"-seg1addr",
					0x50320000,
				);
				PRODUCT_NAME = PhotoGrid;
				WRAPPER_EXTENSION = svxIndex;
			};
			name = Release;
		};
		1DEB913F08733D840010E9CD /* Debug */ = {
			isa = XCBuildConfiguration;
			buildSettings = {
				GCC_WARN_ABOUT_RETURN_TYPE = YES;
				GCC_WARN_UNUSED_VARIABLE = YES;
				PREBINDING = NO;
				SDKROOT = "$(DEVELOPER_SDK_DIR)/MacOSX10.5.sdk";
			};
			name = Debug;
		};
		1DEB914008733D840010E9CD /* Release */ = {
			isa = XCBuildConfiguration;
			buildSettings = {
				ARCHS = (
					ppc,
					i386,
				);
				GCC_WARN_ABOUT_RETURN_TYPE = YES;
				GCC_WARN_UNUSED_VARIABLE = YES;
				PREBINDING = NO;
				SDKROOT = "$(DEVELOPER_SDK_DIR)/MacOSX10.5.sdk";
			};
			name = Release;
		};
/* End XCBuildConfiguration section */

/* Begin XCConfigurationList section */
		1DEB913A08733D840010E9CD /* Build configuration list for PBXNativeTarget "PhotoGridIndex" */ = {
			isa = XCConfigurationList;
			buildConfigurations = (
				1DEB913B08733D840010E9CD /* Debug */,
				1DEB913C08733D840010E9CD /* Release */,
			);
			defaultConfigurationIsVisible = 0;
			defaultConfigurationName = Release;
		};
		1DEB913E08733D840010E9CD /* Build configuration list for PBXProject "PhotoGridIndex" */ = {
			isa = XCConfigurationList;
			buildConfigurations = (
				1DEB913F08733D840010E9CD /* Debug */,
				1DEB914008733D840010E9CD /* Release */,
			);
			defaultConfigurationIsVisible = 0;
			defaultConfigurationName = Release;
		};
/* End XCConfigurationList section */
	};
	rootObject = 089C1669FE841209C02AAC07 /* Project object */;
}
