// !$*UTF8*$!
{
	archiveVersion = 1;
	classes = {
	};
	objectVersion = 44;
	objects = {

/* Begin PBXBuildFile section */
		3C42E49B0D6502C0004F35FD /* FlickrPlugIn.m in Sources */ = {isa = PBXBuildFile; fileRef = 3C42E49A0D6502C0004F35FD /* FlickrPlugIn.m */; };
		3C42E4A00D6502CD004F35FD /* FlickrPagelet.css in Resources */ = {isa = PBXBuildFile; fileRef = 3C42E49D0D6502CD004F35FD /* FlickrPagelet.css */; };
		3C42E4A10D6502CD004F35FD /* FlickrTemplate.html in Resources */ = {isa = PBXBuildFile; fileRef = 3C42E49E0D6502CD004F35FD /* FlickrTemplate.html */; };
		3C42E4A70D6502D7004F35FD /* FlickrPagelet.nib in Resources */ = {isa = PBXBuildFile; fileRef = 3C42E4A20D6502D7004F35FD /* FlickrPagelet.nib */; };
		3C42E4A80D6502D7004F35FD /* Localizable.strings in Resources */ = {isa = PBXBuildFile; fileRef = 3C42E4A50D6502D7004F35FD /* Localizable.strings */; };
		3C42E4C20D65033F004F35FD /* License.rtf in Resources */ = {isa = PBXBuildFile; fileRef = 3C42E4C10D65033F004F35FD /* License.rtf */; };
		3C5ACD93119226DE00A644AB /* FlickrInspector.m in Sources */ = {isa = PBXBuildFile; fileRef = 3C5ACD92119226DE00A644AB /* FlickrInspector.m */; };
		3C5ACDC711922B8A00A644AB /* FlickrInspector.xib in Resources */ = {isa = PBXBuildFile; fileRef = 3C5ACDC511922B8A00A644AB /* FlickrInspector.xib */; };
		8D5B49B0048680CD000E48DA /* InfoPlist.strings in Resources */ = {isa = PBXBuildFile; fileRef = 089C167DFE841241C02AAC07 /* InfoPlist.strings */; };
		8D5B49B4048680CD000E48DA /* Cocoa.framework in Frameworks */ = {isa = PBXBuildFile; fileRef = 1058C7ADFEA557BF11CA2CBB /* Cocoa.framework */; };
		CE7230140D85D25800E9C592 /* flickr.icns in Resources */ = {isa = PBXBuildFile; fileRef = CE7230130D85D25800E9C592 /* flickr.icns */; };
/* End PBXBuildFile section */

/* Begin PBXFileReference section */
		089C1672FE841209C02AAC07 /* Foundation.framework */ = {isa = PBXFileReference; lastKnownFileType = wrapper.framework; name = Foundation.framework; path = /System/Library/Frameworks/Foundation.framework; sourceTree = "<absolute>"; };
		089C167FFE841241C02AAC07 /* AppKit.framework */ = {isa = PBXFileReference; lastKnownFileType = wrapper.framework; name = AppKit.framework; path = /System/Library/Frameworks/AppKit.framework; sourceTree = "<absolute>"; };
		1058C7ADFEA557BF11CA2CBB /* Cocoa.framework */ = {isa = PBXFileReference; lastKnownFileType = wrapper.framework; name = Cocoa.framework; path = /System/Library/Frameworks/Cocoa.framework; sourceTree = "<absolute>"; };
		32DBCF630370AF2F00C91783 /* FlickrElement_Prefix.pch */ = {isa = PBXFileReference; fileEncoding = 4; lastKnownFileType = sourcecode.c.h; path = FlickrElement_Prefix.pch; sourceTree = "<group>"; };
		3C42E4990D6502C0004F35FD /* FlickrPlugIn.h */ = {isa = PBXFileReference; fileEncoding = 4; lastKnownFileType = sourcecode.c.h; path = FlickrPlugIn.h; sourceTree = "<group>"; };
		3C42E49A0D6502C0004F35FD /* FlickrPlugIn.m */ = {isa = PBXFileReference; fileEncoding = 4; lastKnownFileType = sourcecode.c.objc; path = FlickrPlugIn.m; sourceTree = "<group>"; };
		3C42E49D0D6502CD004F35FD /* FlickrPagelet.css */ = {isa = PBXFileReference; fileEncoding = 4; lastKnownFileType = text.css; path = FlickrPagelet.css; sourceTree = "<group>"; };
		3C42E49E0D6502CD004F35FD /* FlickrTemplate.html */ = {isa = PBXFileReference; fileEncoding = 4; lastKnownFileType = text.html; path = FlickrTemplate.html; sourceTree = "<group>"; };
		3C42E4A30D6502D7004F35FD /* en */ = {isa = PBXFileReference; lastKnownFileType = wrapper.nib; name = en; path = en.lproj/FlickrPagelet.nib; sourceTree = "<group>"; };
		3C42E4A40D6502D7004F35FD /* en */ = {isa = PBXFileReference; fileEncoding = 10; lastKnownFileType = text.plist.strings; lineEnding = 0; name = en; path = en.lproj/InfoPlist.strings; sourceTree = "<group>"; };
		3C42E4A60D6502D7004F35FD /* en */ = {isa = PBXFileReference; fileEncoding = 10; lastKnownFileType = text.plist.strings; lineEnding = 0; name = en; path = en.lproj/Localizable.strings; sourceTree = "<group>"; };
		3C42E4AA0D6502E6004F35FD /* da */ = {isa = PBXFileReference; lastKnownFileType = wrapper.nib; name = da; path = da.lproj/FlickrPagelet.nib; sourceTree = "<group>"; };
		3C42E4AB0D6502E6004F35FD /* da */ = {isa = PBXFileReference; fileEncoding = 10; lastKnownFileType = text.plist.strings; lineEnding = 0; name = da; path = da.lproj/InfoPlist.strings; sourceTree = "<group>"; };
		3C42E4AC0D6502E6004F35FD /* da */ = {isa = PBXFileReference; fileEncoding = 10; lastKnownFileType = text.plist.strings; lineEnding = 0; name = da; path = da.lproj/Localizable.strings; sourceTree = "<group>"; };
		3C42E4AD0D6502EF004F35FD /* de */ = {isa = PBXFileReference; lastKnownFileType = wrapper.nib; name = de; path = de.lproj/FlickrPagelet.nib; sourceTree = "<group>"; };
		3C42E4AE0D6502EF004F35FD /* de */ = {isa = PBXFileReference; fileEncoding = 10; lastKnownFileType = text.plist.strings; lineEnding = 0; name = de; path = de.lproj/InfoPlist.strings; sourceTree = "<group>"; };
		3C42E4AF0D6502EF004F35FD /* de */ = {isa = PBXFileReference; fileEncoding = 10; lastKnownFileType = text.plist.strings; lineEnding = 0; name = de; path = de.lproj/Localizable.strings; sourceTree = "<group>"; };
		3C42E4B00D6502F8004F35FD /* fr */ = {isa = PBXFileReference; lastKnownFileType = wrapper.nib; name = fr; path = fr.lproj/FlickrPagelet.nib; sourceTree = "<group>"; };
		3C42E4B10D6502F8004F35FD /* fr */ = {isa = PBXFileReference; fileEncoding = 10; lastKnownFileType = text.plist.strings; lineEnding = 0; name = fr; path = fr.lproj/InfoPlist.strings; sourceTree = "<group>"; };
		3C42E4B20D6502F8004F35FD /* fr */ = {isa = PBXFileReference; fileEncoding = 10; lastKnownFileType = text.plist.strings; lineEnding = 0; name = fr; path = fr.lproj/Localizable.strings; sourceTree = "<group>"; };
		3C42E4B30D650306004F35FD /* it */ = {isa = PBXFileReference; lastKnownFileType = wrapper.nib; name = it; path = it.lproj/FlickrPagelet.nib; sourceTree = "<group>"; };
		3C42E4B40D650306004F35FD /* it */ = {isa = PBXFileReference; fileEncoding = 10; lastKnownFileType = text.plist.strings; lineEnding = 0; name = it; path = it.lproj/InfoPlist.strings; sourceTree = "<group>"; };
		3C42E4B50D650306004F35FD /* it */ = {isa = PBXFileReference; fileEncoding = 10; lastKnownFileType = text.plist.strings; lineEnding = 0; name = it; path = it.lproj/Localizable.strings; sourceTree = "<group>"; };
		3C42E4B60D65030F004F35FD /* ja */ = {isa = PBXFileReference; lastKnownFileType = wrapper.nib; name = ja; path = ja.lproj/FlickrPagelet.nib; sourceTree = "<group>"; };
		3C42E4B70D65030F004F35FD /* ja */ = {isa = PBXFileReference; fileEncoding = 10; lastKnownFileType = text.plist.strings; lineEnding = 0; name = ja; path = ja.lproj/InfoPlist.strings; sourceTree = "<group>"; };
		3C42E4B80D65030F004F35FD /* ja */ = {isa = PBXFileReference; fileEncoding = 10; lastKnownFileType = text.plist.strings; lineEnding = 0; name = ja; path = ja.lproj/Localizable.strings; sourceTree = "<group>"; };
		3C42E4B90D650318004F35FD /* zh_CN */ = {isa = PBXFileReference; lastKnownFileType = wrapper.nib; name = zh_CN; path = zh_CN.lproj/FlickrPagelet.nib; sourceTree = "<group>"; };
		3C42E4BA0D650318004F35FD /* zh_CN */ = {isa = PBXFileReference; fileEncoding = 10; lastKnownFileType = text.plist.strings; lineEnding = 0; name = zh_CN; path = zh_CN.lproj/InfoPlist.strings; sourceTree = "<group>"; };
		3C42E4BB0D650318004F35FD /* zh_CN */ = {isa = PBXFileReference; fileEncoding = 10; lastKnownFileType = text.plist.strings; lineEnding = 0; name = zh_CN; path = zh_CN.lproj/Localizable.strings; sourceTree = "<group>"; };
		3C42E4BC0D650321004F35FD /* zh_TW */ = {isa = PBXFileReference; lastKnownFileType = wrapper.nib; name = zh_TW; path = zh_TW.lproj/FlickrPagelet.nib; sourceTree = "<group>"; };
		3C42E4BD0D650321004F35FD /* zh_TW */ = {isa = PBXFileReference; fileEncoding = 10; lastKnownFileType = text.plist.strings; lineEnding = 0; name = zh_TW; path = zh_TW.lproj/InfoPlist.strings; sourceTree = "<group>"; };
		3C42E4BE0D650321004F35FD /* zh_TW */ = {isa = PBXFileReference; fileEncoding = 10; lastKnownFileType = text.plist.strings; lineEnding = 0; name = zh_TW; path = zh_TW.lproj/Localizable.strings; sourceTree = "<group>"; };
		3C42E4C10D65033F004F35FD /* License.rtf */ = {isa = PBXFileReference; lastKnownFileType = text.rtf; name = License.rtf; path = ../../License.rtf; sourceTree = SOURCE_ROOT; };
		3C42E4C30D650350004F35FD /* Debug.xcconfig */ = {isa = PBXFileReference; fileEncoding = 4; lastKnownFileType = text.xcconfig; name = Debug.xcconfig; path = ../../Configurations/Debug.xcconfig; sourceTree = SOURCE_ROOT; };
		3C42E4C40D650350004F35FD /* Release.xcconfig */ = {isa = PBXFileReference; fileEncoding = 4; lastKnownFileType = text.xcconfig; name = Release.xcconfig; path = ../../Configurations/Release.xcconfig; sourceTree = SOURCE_ROOT; };
		3C5ACD91119226DE00A644AB /* FlickrInspector.h */ = {isa = PBXFileReference; fileEncoding = 4; lastKnownFileType = sourcecode.c.h; path = FlickrInspector.h; sourceTree = "<group>"; };
		3C5ACD92119226DE00A644AB /* FlickrInspector.m */ = {isa = PBXFileReference; fileEncoding = 4; lastKnownFileType = sourcecode.c.objc; path = FlickrInspector.m; sourceTree = "<group>"; };
		3C5ACDC611922B8A00A644AB /* en */ = {isa = PBXFileReference; lastKnownFileType = file.xib; name = en; path = en.lproj/FlickrInspector.xib; sourceTree = "<group>"; };
		8D5B49B6048680CD000E48DA /* Flickr.svxElement */ = {isa = PBXFileReference; explicitFileType = wrapper.cfbundle; includeInIndex = 0; path = Flickr.svxElement; sourceTree = BUILT_PRODUCTS_DIR; };
		8D5B49B7048680CD000E48DA /* Info.plist */ = {isa = PBXFileReference; fileEncoding = 4; lastKnownFileType = text.plist.xml; path = Info.plist; sourceTree = "<group>"; };
		CE7230130D85D25800E9C592 /* flickr.icns */ = {isa = PBXFileReference; lastKnownFileType = image.icns; path = flickr.icns; sourceTree = "<group>"; };
		D2F7E65807B2D6F200F64583 /* CoreData.framework */ = {isa = PBXFileReference; lastKnownFileType = wrapper.framework; name = CoreData.framework; path = /System/Library/Frameworks/CoreData.framework; sourceTree = "<absolute>"; };
/* End PBXFileReference section */

/* Begin PBXFrameworksBuildPhase section */
		8D5B49B3048680CD000E48DA /* Frameworks */ = {
			isa = PBXFrameworksBuildPhase;
			buildActionMask = 2147483647;
			files = (
				8D5B49B4048680CD000E48DA /* Cocoa.framework in Frameworks */,
			);
			runOnlyForDeploymentPostprocessing = 0;
		};
/* End PBXFrameworksBuildPhase section */

/* Begin PBXGroup section */
		089C166AFE841209C02AAC07 /* FlickrElement */ = {
			isa = PBXGroup;
			children = (
				08FB77AFFE84173DC02AAC07 /* Classes */,
				32C88E010371C26100C91783 /* Other Sources */,
				089C167CFE841241C02AAC07 /* Resources */,
				089C1671FE841209C02AAC07 /* Frameworks and Libraries */,
				19C28FB8FE9D52D311CA2CBB /* Products */,
				3C42E4C70D650355004F35FD /* Xcode Configurations */,
				3C5ACDC511922B8A00A644AB /* FlickrInspector.xib */,
			);
			name = FlickrElement;
			sourceTree = "<group>";
		};
		089C1671FE841209C02AAC07 /* Frameworks and Libraries */ = {
			isa = PBXGroup;
			children = (
				1058C7ACFEA557BF11CA2CBB /* Linked Frameworks */,
				1058C7AEFEA557BF11CA2CBB /* Other Frameworks */,
			);
			name = "Frameworks and Libraries";
			sourceTree = "<group>";
		};
		089C167CFE841241C02AAC07 /* Resources */ = {
			isa = PBXGroup;
			children = (
				CE7230130D85D25800E9C592 /* flickr.icns */,
				8D5B49B7048680CD000E48DA /* Info.plist */,
				3C42E4A20D6502D7004F35FD /* FlickrPagelet.nib */,
				3C42E49E0D6502CD004F35FD /* FlickrTemplate.html */,
				3C42E49D0D6502CD004F35FD /* FlickrPagelet.css */,
				089C167DFE841241C02AAC07 /* InfoPlist.strings */,
				3C42E4A50D6502D7004F35FD /* Localizable.strings */,
				3C42E4C10D65033F004F35FD /* License.rtf */,
			);
			name = Resources;
			sourceTree = "<group>";
		};
		08FB77AFFE84173DC02AAC07 /* Classes */ = {
			isa = PBXGroup;
			children = (
				3C42E4990D6502C0004F35FD /* FlickrPlugIn.h */,
				3C42E49A0D6502C0004F35FD /* FlickrPlugIn.m */,
				3C5ACD91119226DE00A644AB /* FlickrInspector.h */,
				3C5ACD92119226DE00A644AB /* FlickrInspector.m */,
			);
			name = Classes;
			sourceTree = "<group>";
		};
		1058C7ACFEA557BF11CA2CBB /* Linked Frameworks */ = {
			isa = PBXGroup;
			children = (
				1058C7ADFEA557BF11CA2CBB /* Cocoa.framework */,
			);
			name = "Linked Frameworks";
			sourceTree = "<group>";
		};
		1058C7AEFEA557BF11CA2CBB /* Other Frameworks */ = {
			isa = PBXGroup;
			children = (
				089C167FFE841241C02AAC07 /* AppKit.framework */,
				D2F7E65807B2D6F200F64583 /* CoreData.framework */,
				089C1672FE841209C02AAC07 /* Foundation.framework */,
			);
			name = "Other Frameworks";
			sourceTree = "<group>";
		};
		19C28FB8FE9D52D311CA2CBB /* Products */ = {
			isa = PBXGroup;
			children = (
				8D5B49B6048680CD000E48DA /* Flickr.svxElement */,
			);
			name = Products;
			sourceTree = "<group>";
		};
		32C88E010371C26100C91783 /* Other Sources */ = {
			isa = PBXGroup;
			children = (
				32DBCF630370AF2F00C91783 /* FlickrElement_Prefix.pch */,
			);
			name = "Other Sources";
			sourceTree = "<group>";
		};
		3C42E4C70D650355004F35FD /* Xcode Configurations */ = {
			isa = PBXGroup;
			children = (
				3C42E4C30D650350004F35FD /* Debug.xcconfig */,
				3C42E4C40D650350004F35FD /* Release.xcconfig */,
			);
			name = "Xcode Configurations";
			sourceTree = "<group>";
		};
/* End PBXGroup section */

/* Begin PBXNativeTarget section */
		8D5B49AC048680CD000E48DA /* FlickrElement */ = {
			isa = PBXNativeTarget;
			buildConfigurationList = 1DEB913A08733D840010E9CD /* Build configuration list for PBXNativeTarget "FlickrElement" */;
			buildPhases = (
				8D5B49B1048680CD000E48DA /* Sources */,
				8D5B49B3048680CD000E48DA /* Frameworks */,
				3C42E4E40D650379004F35FD /* Generate Localizable.strings */,
				8D5B49AF048680CD000E48DA /* Resources */,
			);
			buildRules = (
			);
			dependencies = (
			);
			name = FlickrElement;
			productInstallPath = "$(HOME)/Library/Bundles";
			productName = FlickrElement;
			productReference = 8D5B49B6048680CD000E48DA /* Flickr.svxElement */;
			productType = "com.apple.product-type.bundle";
		};
/* End PBXNativeTarget section */

/* Begin PBXProject section */
		089C1669FE841209C02AAC07 /* Project object */ = {
			isa = PBXProject;
			buildConfigurationList = 1DEB913E08733D840010E9CD /* Build configuration list for PBXProject "FlickrElement" */;
			compatibilityVersion = "Xcode 3.0";
			developmentRegion = en;
			hasScannedForEncodings = 1;
			knownRegions = (
				en,
				da,
				de,
				fr,
				it,
				ja,
				zh_CN,
				zh_TW,
			);
			mainGroup = 089C166AFE841209C02AAC07 /* FlickrElement */;
			projectDirPath = "";
			projectRoot = "";
			targets = (
				8D5B49AC048680CD000E48DA /* FlickrElement */,
			);
		};
/* End PBXProject section */

/* Begin PBXResourcesBuildPhase section */
		8D5B49AF048680CD000E48DA /* Resources */ = {
			isa = PBXResourcesBuildPhase;
			buildActionMask = 2147483647;
			files = (
				8D5B49B0048680CD000E48DA /* InfoPlist.strings in Resources */,
				3C42E4A00D6502CD004F35FD /* FlickrPagelet.css in Resources */,
				3C42E4A10D6502CD004F35FD /* FlickrTemplate.html in Resources */,
				3C42E4A70D6502D7004F35FD /* FlickrPagelet.nib in Resources */,
				3C42E4A80D6502D7004F35FD /* Localizable.strings in Resources */,
				3C42E4C20D65033F004F35FD /* License.rtf in Resources */,
				CE7230140D85D25800E9C592 /* flickr.icns in Resources */,
				3C5ACDC711922B8A00A644AB /* FlickrInspector.xib in Resources */,
			);
			runOnlyForDeploymentPostprocessing = 0;
		};
/* End PBXResourcesBuildPhase section */

/* Begin PBXShellScriptBuildPhase section */
		3C42E4E40D650379004F35FD /* Generate Localizable.strings */ = {
			isa = PBXShellScriptBuildPhase;
			buildActionMask = 8;
			files = (
			);
			inputPaths = (
			);
			name = "Generate Localizable.strings";
			outputPaths = (
			);
			runOnlyForDeploymentPostprocessing = 1;
			shellPath = /bin/sh;
			shellScript = "echo \"Generating Localizable.strings ...\"\n\ncd ${SRCROOT}\ngenstrings -littleEndian -q -u -s LocalizedStringInThisBundle -o en.lproj *.m\n\n";
			showEnvVarsInLog = 0;
		};
/* End PBXShellScriptBuildPhase section */

/* Begin PBXSourcesBuildPhase section */
		8D5B49B1048680CD000E48DA /* Sources */ = {
			isa = PBXSourcesBuildPhase;
			buildActionMask = 2147483647;
			files = (
				3C42E49B0D6502C0004F35FD /* FlickrPlugIn.m in Sources */,
				3C5ACD93119226DE00A644AB /* FlickrInspector.m in Sources */,
			);
			runOnlyForDeploymentPostprocessing = 0;
		};
/* End PBXSourcesBuildPhase section */

/* Begin PBXVariantGroup section */
		089C167DFE841241C02AAC07 /* InfoPlist.strings */ = {
			isa = PBXVariantGroup;
			children = (
				3C42E4A40D6502D7004F35FD /* en */,
				3C42E4AB0D6502E6004F35FD /* da */,
				3C42E4AE0D6502EF004F35FD /* de */,
				3C42E4B10D6502F8004F35FD /* fr */,
				3C42E4B40D650306004F35FD /* it */,
				3C42E4B70D65030F004F35FD /* ja */,
				3C42E4BA0D650318004F35FD /* zh_CN */,
				3C42E4BD0D650321004F35FD /* zh_TW */,
			);
			name = InfoPlist.strings;
			sourceTree = "<group>";
		};
		3C42E4A20D6502D7004F35FD /* FlickrPagelet.nib */ = {
			isa = PBXVariantGroup;
			children = (
				3C42E4A30D6502D7004F35FD /* en */,
				3C42E4AA0D6502E6004F35FD /* da */,
				3C42E4AD0D6502EF004F35FD /* de */,
				3C42E4B00D6502F8004F35FD /* fr */,
				3C42E4B30D650306004F35FD /* it */,
				3C42E4B60D65030F004F35FD /* ja */,
				3C42E4B90D650318004F35FD /* zh_CN */,
				3C42E4BC0D650321004F35FD /* zh_TW */,
			);
			name = FlickrPagelet.nib;
			sourceTree = "<group>";
		};
		3C42E4A50D6502D7004F35FD /* Localizable.strings */ = {
			isa = PBXVariantGroup;
			children = (
				3C42E4A60D6502D7004F35FD /* en */,
				3C42E4AC0D6502E6004F35FD /* da */,
				3C42E4AF0D6502EF004F35FD /* de */,
				3C42E4B20D6502F8004F35FD /* fr */,
				3C42E4B50D650306004F35FD /* it */,
				3C42E4B80D65030F004F35FD /* ja */,
				3C42E4BB0D650318004F35FD /* zh_CN */,
				3C42E4BE0D650321004F35FD /* zh_TW */,
			);
			name = Localizable.strings;
			sourceTree = "<group>";
		};
		3C5ACDC511922B8A00A644AB /* FlickrInspector.xib */ = {
			isa = PBXVariantGroup;
			children = (
				3C5ACDC611922B8A00A644AB /* en */,
			);
			name = FlickrInspector.xib;
			sourceTree = "<group>";
		};
/* End PBXVariantGroup section */

/* Begin XCBuildConfiguration section */
		1DEB913B08733D840010E9CD /* Debug */ = {
			isa = XCBuildConfiguration;
			baseConfigurationReference = 3C42E4C30D650350004F35FD /* Debug.xcconfig */;
			buildSettings = {
				INFOPLIST_FILE = Info.plist;
				PRODUCT_NAME = Flickr;
				WRAPPER_EXTENSION = svxElement;
			};
			name = Debug;
		};
		1DEB913C08733D840010E9CD /* Release */ = {
			isa = XCBuildConfiguration;
			baseConfigurationReference = 3C42E4C40D650350004F35FD /* Release.xcconfig */;
			buildSettings = {
				INFOPLIST_FILE = Info.plist;
				PRODUCT_NAME = Flickr;
				WRAPPER_EXTENSION = svxElement;
			};
			name = Release;
		};
		1DEB913F08733D840010E9CD /* Debug */ = {
			isa = XCBuildConfiguration;
			buildSettings = {
				GCC_WARN_ABOUT_RETURN_TYPE = YES;
				GCC_WARN_UNUSED_VARIABLE = YES;
				PREBINDING = NO;
				SDKROOT = "$(DEVELOPER_SDK_DIR)/MacOSX10.5.sdk";
			};
			name = Debug;
		};
		1DEB914008733D840010E9CD /* Release */ = {
			isa = XCBuildConfiguration;
			buildSettings = {
				ARCHS = (
					ppc,
					i386,
				);
				GCC_WARN_ABOUT_RETURN_TYPE = YES;
				GCC_WARN_UNUSED_VARIABLE = YES;
				PREBINDING = NO;
				SDKROOT = "$(DEVELOPER_SDK_DIR)/MacOSX10.5.sdk";
			};
			name = Release;
		};
/* End XCBuildConfiguration section */

/* Begin XCConfigurationList section */
		1DEB913A08733D840010E9CD /* Build configuration list for PBXNativeTarget "FlickrElement" */ = {
			isa = XCConfigurationList;
			buildConfigurations = (
				1DEB913B08733D840010E9CD /* Debug */,
				1DEB913C08733D840010E9CD /* Release */,
			);
			defaultConfigurationIsVisible = 0;
			defaultConfigurationName = Release;
		};
		1DEB913E08733D840010E9CD /* Build configuration list for PBXProject "FlickrElement" */ = {
			isa = XCConfigurationList;
			buildConfigurations = (
				1DEB913F08733D840010E9CD /* Debug */,
				1DEB914008733D840010E9CD /* Release */,
			);
			defaultConfigurationIsVisible = 0;
			defaultConfigurationName = Release;
		};
/* End XCConfigurationList section */
	};
	rootObject = 089C1669FE841209C02AAC07 /* Project object */;
}
