// !$*UTF8*$!
{
	archiveVersion = 1;
	classes = {
	};
	objectVersion = 44;
	objects = {

/* Begin PBXBuildFile section */
		3C322C6B1190D45A00D21673 /* DiggInspector.xib in Resources */ = {isa = PBXBuildFile; fileRef = 3C322C691190D45A00D21673 /* DiggInspector.xib */; };
		3C4A185B0D5F9BFB009476BF /* DiggPlugIn.m in Sources */ = {isa = PBXBuildFile; fileRef = 3C4A185A0D5F9BFB009476BF /* DiggPlugIn.m */; };
		3C4A185F0D5F9C07009476BF /* digg.icns in Resources */ = {isa = PBXBuildFile; fileRef = 3C4A185C0D5F9C07009476BF /* digg.icns */; };
		3C4A18600D5F9C07009476BF /* digglogo.png in Resources */ = {isa = PBXBuildFile; fileRef = 3C4A185D0D5F9C07009476BF /* digglogo.png */; };
		3C4A18610D5F9C07009476BF /* DiggPageletTemplate.html in Resources */ = {isa = PBXBuildFile; fileRef = 3C4A185E0D5F9C07009476BF /* DiggPageletTemplate.html */; };
		3C4A187F0D5F9E25009476BF /* Localizable.strings in Resources */ = {isa = PBXBuildFile; fileRef = 3C4A187D0D5F9E25009476BF /* Localizable.strings */; };
		3C4A188B0D5F9EAC009476BF /* DiggPagelet.nib in Resources */ = {isa = PBXBuildFile; fileRef = 3C4A18890D5F9EAC009476BF /* DiggPagelet.nib */; };
		3C4A189B0D5F9F5C009476BF /* License.rtf in Resources */ = {isa = PBXBuildFile; fileRef = 3C4A189A0D5F9F5C009476BF /* License.rtf */; };
		8D5B49B0048680CD000E48DA /* InfoPlist.strings in Resources */ = {isa = PBXBuildFile; fileRef = 089C167DFE841241C02AAC07 /* InfoPlist.strings */; };
		8D5B49B4048680CD000E48DA /* Cocoa.framework in Frameworks */ = {isa = PBXBuildFile; fileRef = 1058C7ADFEA557BF11CA2CBB /* Cocoa.framework */; };
/* End PBXBuildFile section */

/* Begin PBXFileReference section */
		089C1672FE841209C02AAC07 /* Foundation.framework */ = {isa = PBXFileReference; lastKnownFileType = wrapper.framework; name = Foundation.framework; path = /System/Library/Frameworks/Foundation.framework; sourceTree = "<absolute>"; };
		089C167FFE841241C02AAC07 /* AppKit.framework */ = {isa = PBXFileReference; lastKnownFileType = wrapper.framework; name = AppKit.framework; path = /System/Library/Frameworks/AppKit.framework; sourceTree = "<absolute>"; };
		1058C7ADFEA557BF11CA2CBB /* Cocoa.framework */ = {isa = PBXFileReference; lastKnownFileType = wrapper.framework; name = Cocoa.framework; path = /System/Library/Frameworks/Cocoa.framework; sourceTree = "<absolute>"; };
		32DBCF630370AF2F00C91783 /* DiggElement_Prefix.pch */ = {isa = PBXFileReference; fileEncoding = 4; lastKnownFileType = sourcecode.c.h; path = DiggElement_Prefix.pch; sourceTree = "<group>"; };
		3C322C6A1190D45A00D21673 /* en */ = {isa = PBXFileReference; lastKnownFileType = file.xib; name = en; path = en.lproj/DiggInspector.xib; sourceTree = "<group>"; };
		3C4A18590D5F9BFB009476BF /* DiggPlugIn.h */ = {isa = PBXFileReference; fileEncoding = 4; lastKnownFileType = sourcecode.c.h; path = DiggPlugIn.h; sourceTree = "<group>"; };
		3C4A185A0D5F9BFB009476BF /* DiggPlugIn.m */ = {isa = PBXFileReference; fileEncoding = 4; lastKnownFileType = sourcecode.c.objc; path = DiggPlugIn.m; sourceTree = "<group>"; };
		3C4A185C0D5F9C07009476BF /* digg.icns */ = {isa = PBXFileReference; lastKnownFileType = image.icns; path = digg.icns; sourceTree = "<group>"; };
		3C4A185D0D5F9C07009476BF /* digglogo.png */ = {isa = PBXFileReference; lastKnownFileType = image.png; path = digglogo.png; sourceTree = "<group>"; };
		3C4A185E0D5F9C07009476BF /* DiggPageletTemplate.html */ = {isa = PBXFileReference; fileEncoding = 4; lastKnownFileType = text.html; path = DiggPageletTemplate.html; sourceTree = "<group>"; };
		3C4A18620D5F9D67009476BF /* Debug.xcconfig */ = {isa = PBXFileReference; fileEncoding = 4; lastKnownFileType = text.xcconfig; name = Debug.xcconfig; path = ../../Configurations/Debug.xcconfig; sourceTree = SOURCE_ROOT; };
		3C4A18630D5F9D67009476BF /* Release.xcconfig */ = {isa = PBXFileReference; fileEncoding = 4; lastKnownFileType = text.xcconfig; name = Release.xcconfig; path = ../../Configurations/Release.xcconfig; sourceTree = SOURCE_ROOT; };
		3C4A18740D5F9DD5009476BF /* en */ = {isa = PBXFileReference; fileEncoding = 10; lastKnownFileType = text.plist.strings; lineEnding = 0; name = en; path = en.lproj/InfoPlist.strings; sourceTree = "<group>"; };
		3C4A18760D5F9DE0009476BF /* da */ = {isa = PBXFileReference; fileEncoding = 10; lastKnownFileType = text.plist.strings; lineEnding = 0; name = da; path = da.lproj/InfoPlist.strings; sourceTree = "<group>"; };
		3C4A18770D5F9DEA009476BF /* de */ = {isa = PBXFileReference; fileEncoding = 10; lastKnownFileType = text.plist.strings; lineEnding = 0; name = de; path = de.lproj/InfoPlist.strings; sourceTree = "<group>"; };
		3C4A18780D5F9DF9009476BF /* fr */ = {isa = PBXFileReference; fileEncoding = 10; lastKnownFileType = text.plist.strings; lineEnding = 0; name = fr; path = fr.lproj/InfoPlist.strings; sourceTree = "<group>"; };
		3C4A18790D5F9E02009476BF /* it */ = {isa = PBXFileReference; fileEncoding = 10; lastKnownFileType = text.plist.strings; lineEnding = 0; name = it; path = it.lproj/InfoPlist.strings; sourceTree = "<group>"; };
		3C4A187A0D5F9E0A009476BF /* ja */ = {isa = PBXFileReference; fileEncoding = 10; lastKnownFileType = text.plist.strings; lineEnding = 0; name = ja; path = ja.lproj/InfoPlist.strings; sourceTree = "<group>"; };
		3C4A187B0D5F9E12009476BF /* zh_CN */ = {isa = PBXFileReference; fileEncoding = 10; lastKnownFileType = text.plist.strings; lineEnding = 0; name = zh_CN; path = zh_CN.lproj/InfoPlist.strings; sourceTree = "<group>"; };
		3C4A187C0D5F9E1A009476BF /* zh_TW */ = {isa = PBXFileReference; fileEncoding = 10; lastKnownFileType = text.plist.strings; lineEnding = 0; name = zh_TW; path = zh_TW.lproj/InfoPlist.strings; sourceTree = "<group>"; };
		3C4A187E0D5F9E25009476BF /* en */ = {isa = PBXFileReference; fileEncoding = 10; lastKnownFileType = text.plist.strings; lineEnding = 0; name = en; path = en.lproj/Localizable.strings; sourceTree = "<group>"; };
		3C4A18800D5F9E2D009476BF /* da */ = {isa = PBXFileReference; fileEncoding = 10; lastKnownFileType = text.plist.strings; lineEnding = 0; name = da; path = da.lproj/Localizable.strings; sourceTree = "<group>"; };
		3C4A18830D5F9E46009476BF /* de */ = {isa = PBXFileReference; fileEncoding = 10; lastKnownFileType = text.plist.strings; lineEnding = 0; name = de; path = de.lproj/Localizable.strings; sourceTree = "<group>"; };
		3C4A18840D5F9E4E009476BF /* fr */ = {isa = PBXFileReference; fileEncoding = 10; lastKnownFileType = text.plist.strings; lineEnding = 0; name = fr; path = fr.lproj/Localizable.strings; sourceTree = "<group>"; };
		3C4A18850D5F9E55009476BF /* it */ = {isa = PBXFileReference; fileEncoding = 10; lastKnownFileType = text.plist.strings; lineEnding = 0; name = it; path = it.lproj/Localizable.strings; sourceTree = "<group>"; };
		3C4A18860D5F9E5D009476BF /* ja */ = {isa = PBXFileReference; fileEncoding = 10; lastKnownFileType = text.plist.strings; lineEnding = 0; name = ja; path = ja.lproj/Localizable.strings; sourceTree = "<group>"; };
		3C4A18870D5F9E66009476BF /* zh_CN */ = {isa = PBXFileReference; fileEncoding = 10; lastKnownFileType = text.plist.strings; lineEnding = 0; name = zh_CN; path = zh_CN.lproj/Localizable.strings; sourceTree = "<group>"; };
		3C4A18880D5F9E6E009476BF /* zh_TW */ = {isa = PBXFileReference; fileEncoding = 10; lastKnownFileType = text.plist.strings; lineEnding = 0; name = zh_TW; path = zh_TW.lproj/Localizable.strings; sourceTree = "<group>"; };
		3C4A188A0D5F9EAC009476BF /* en */ = {isa = PBXFileReference; lastKnownFileType = wrapper.nib; name = en; path = en.lproj/DiggPagelet.nib; sourceTree = "<group>"; };
		3C4A188C0D5F9EB6009476BF /* da */ = {isa = PBXFileReference; lastKnownFileType = wrapper.nib; name = da; path = da.lproj/DiggPagelet.nib; sourceTree = "<group>"; };
		3C4A188D0D5F9EBB009476BF /* de */ = {isa = PBXFileReference; lastKnownFileType = wrapper.nib; name = de; path = de.lproj/DiggPagelet.nib; sourceTree = "<group>"; };
		3C4A188E0D5F9EC2009476BF /* fr */ = {isa = PBXFileReference; lastKnownFileType = wrapper.nib; name = fr; path = fr.lproj/DiggPagelet.nib; sourceTree = "<group>"; };
		3C4A188F0D5F9EC8009476BF /* it */ = {isa = PBXFileReference; lastKnownFileType = wrapper.nib; name = it; path = it.lproj/DiggPagelet.nib; sourceTree = "<group>"; };
		3C4A18900D5F9ECF009476BF /* ja */ = {isa = PBXFileReference; lastKnownFileType = wrapper.nib; name = ja; path = ja.lproj/DiggPagelet.nib; sourceTree = "<group>"; };
		3C4A18910D5F9ED5009476BF /* zh_CN */ = {isa = PBXFileReference; lastKnownFileType = wrapper.nib; name = zh_CN; path = zh_CN.lproj/DiggPagelet.nib; sourceTree = "<group>"; };
		3C4A18920D5F9EDA009476BF /* zh_TW */ = {isa = PBXFileReference; lastKnownFileType = wrapper.nib; name = zh_TW; path = zh_TW.lproj/DiggPagelet.nib; sourceTree = "<group>"; };
		3C4A189A0D5F9F5C009476BF /* License.rtf */ = {isa = PBXFileReference; lastKnownFileType = text.rtf; name = License.rtf; path = ../../License.rtf; sourceTree = SOURCE_ROOT; };
		8D5B49B6048680CD000E48DA /* Digg.svxElement */ = {isa = PBXFileReference; explicitFileType = wrapper.cfbundle; includeInIndex = 0; path = Digg.svxElement; sourceTree = BUILT_PRODUCTS_DIR; };
		8D5B49B7048680CD000E48DA /* Info.plist */ = {isa = PBXFileReference; fileEncoding = 4; lastKnownFileType = text.plist.xml; path = Info.plist; sourceTree = "<group>"; };
		D2F7E65807B2D6F200F64583 /* CoreData.framework */ = {isa = PBXFileReference; lastKnownFileType = wrapper.framework; name = CoreData.framework; path = /System/Library/Frameworks/CoreData.framework; sourceTree = "<absolute>"; };
/* End PBXFileReference section */

/* Begin PBXFrameworksBuildPhase section */
		8D5B49B3048680CD000E48DA /* Frameworks */ = {
			isa = PBXFrameworksBuildPhase;
			buildActionMask = 2147483647;
			files = (
				8D5B49B4048680CD000E48DA /* Cocoa.framework in Frameworks */,
			);
			runOnlyForDeploymentPostprocessing = 0;
		};
/* End PBXFrameworksBuildPhase section */

/* Begin PBXGroup section */
		089C166AFE841209C02AAC07 /* DiggElement */ = {
			isa = PBXGroup;
			children = (
				08FB77AFFE84173DC02AAC07 /* Classes */,
				32C88E010371C26100C91783 /* Other Sources */,
				089C167CFE841241C02AAC07 /* Resources */,
				089C1671FE841209C02AAC07 /* Frameworks and Libraries */,
				19C28FB8FE9D52D311CA2CBB /* Products */,
				3C4A18660D5F9D6B009476BF /* Xcode Configurations */,
			);
			name = DiggElement;
			sourceTree = "<group>";
		};
		089C1671FE841209C02AAC07 /* Frameworks and Libraries */ = {
			isa = PBXGroup;
			children = (
				1058C7ACFEA557BF11CA2CBB /* Linked Frameworks */,
				1058C7AEFEA557BF11CA2CBB /* Other Frameworks */,
			);
			name = "Frameworks and Libraries";
			sourceTree = "<group>";
		};
		089C167CFE841241C02AAC07 /* Resources */ = {
			isa = PBXGroup;
			children = (
				3C322C691190D45A00D21673 /* DiggInspector.xib */,
				3C4A18890D5F9EAC009476BF /* DiggPagelet.nib */,
				3C4A185C0D5F9C07009476BF /* digg.icns */,
				3C4A185D0D5F9C07009476BF /* digglogo.png */,
				3C4A185E0D5F9C07009476BF /* DiggPageletTemplate.html */,
				8D5B49B7048680CD000E48DA /* Info.plist */,
				089C167DFE841241C02AAC07 /* InfoPlist.strings */,
				3C4A187D0D5F9E25009476BF /* Localizable.strings */,
				3C4A189A0D5F9F5C009476BF /* License.rtf */,
			);
			name = Resources;
			sourceTree = "<group>";
		};
		08FB77AFFE84173DC02AAC07 /* Classes */ = {
			isa = PBXGroup;
			children = (
				3C4A18590D5F9BFB009476BF /* DiggPlugIn.h */,
				3C4A185A0D5F9BFB009476BF /* DiggPlugIn.m */,
			);
			name = Classes;
			sourceTree = "<group>";
		};
		1058C7ACFEA557BF11CA2CBB /* Linked Frameworks */ = {
			isa = PBXGroup;
			children = (
				1058C7ADFEA557BF11CA2CBB /* Cocoa.framework */,
			);
			name = "Linked Frameworks";
			sourceTree = "<group>";
		};
		1058C7AEFEA557BF11CA2CBB /* Other Frameworks */ = {
			isa = PBXGroup;
			children = (
				089C167FFE841241C02AAC07 /* AppKit.framework */,
				D2F7E65807B2D6F200F64583 /* CoreData.framework */,
				089C1672FE841209C02AAC07 /* Foundation.framework */,
			);
			name = "Other Frameworks";
			sourceTree = "<group>";
		};
		19C28FB8FE9D52D311CA2CBB /* Products */ = {
			isa = PBXGroup;
			children = (
				8D5B49B6048680CD000E48DA /* Digg.svxElement */,
			);
			name = Products;
			sourceTree = "<group>";
		};
		32C88E010371C26100C91783 /* Other Sources */ = {
			isa = PBXGroup;
			children = (
				32DBCF630370AF2F00C91783 /* DiggElement_Prefix.pch */,
			);
			name = "Other Sources";
			sourceTree = "<group>";
		};
		3C4A18660D5F9D6B009476BF /* Xcode Configurations */ = {
			isa = PBXGroup;
			children = (
				3C4A18620D5F9D67009476BF /* Debug.xcconfig */,
				3C4A18630D5F9D67009476BF /* Release.xcconfig */,
			);
			name = "Xcode Configurations";
			sourceTree = "<group>";
		};
/* End PBXGroup section */

/* Begin PBXNativeTarget section */
		8D5B49AC048680CD000E48DA /* DiggElement */ = {
			isa = PBXNativeTarget;
			buildConfigurationList = 1DEB913A08733D840010E9CD /* Build configuration list for PBXNativeTarget "DiggElement" */;
			buildPhases = (
				8D5B49B1048680CD000E48DA /* Sources */,
				8D5B49B3048680CD000E48DA /* Frameworks */,
				3C4A18960D5F9EF7009476BF /* Generate Localizable.strings */,
				8D5B49AF048680CD000E48DA /* Resources */,
			);
			buildRules = (
			);
			dependencies = (
			);
			name = DiggElement;
			productInstallPath = "$(HOME)/Library/Bundles";
			productName = DiggElement;
			productReference = 8D5B49B6048680CD000E48DA /* Digg.svxElement */;
			productType = "com.apple.product-type.bundle";
		};
/* End PBXNativeTarget section */

/* Begin PBXProject section */
		089C1669FE841209C02AAC07 /* Project object */ = {
			isa = PBXProject;
			buildConfigurationList = 1DEB913E08733D840010E9CD /* Build configuration list for PBXProject "DiggElement" */;
			compatibilityVersion = "Xcode 3.0";
			developmentRegion = en;
			hasScannedForEncodings = 1;
			knownRegions = (
				en,
				da,
				de,
				fr,
				it,
				ja,
				zh_CN,
				zh_TW,
			);
			mainGroup = 089C166AFE841209C02AAC07 /* DiggElement */;
			projectDirPath = "";
			projectRoot = "";
			targets = (
				8D5B49AC048680CD000E48DA /* DiggElement */,
			);
		};
/* End PBXProject section */

/* Begin PBXResourcesBuildPhase section */
		8D5B49AF048680CD000E48DA /* Resources */ = {
			isa = PBXResourcesBuildPhase;
			buildActionMask = 2147483647;
			files = (
				8D5B49B0048680CD000E48DA /* InfoPlist.strings in Resources */,
				3C4A185F0D5F9C07009476BF /* digg.icns in Resources */,
				3C4A18600D5F9C07009476BF /* digglogo.png in Resources */,
				3C4A18610D5F9C07009476BF /* DiggPageletTemplate.html in Resources */,
				3C4A187F0D5F9E25009476BF /* Localizable.strings in Resources */,
				3C4A188B0D5F9EAC009476BF /* DiggPagelet.nib in Resources */,
				3C4A189B0D5F9F5C009476BF /* License.rtf in Resources */,
				3C322C6B1190D45A00D21673 /* DiggInspector.xib in Resources */,
			);
			runOnlyForDeploymentPostprocessing = 0;
		};
/* End PBXResourcesBuildPhase section */

/* Begin PBXShellScriptBuildPhase section */
		3C4A18960D5F9EF7009476BF /* Generate Localizable.strings */ = {
			isa = PBXShellScriptBuildPhase;
			buildActionMask = 8;
			files = (
			);
			inputPaths = (
			);
			name = "Generate Localizable.strings";
			outputPaths = (
			);
			runOnlyForDeploymentPostprocessing = 1;
			shellPath = /bin/sh;
			shellScript = "echo \"Generating Localizable.strings ...\"\n\ncd ${SRCROOT}\ngenstrings -littleEndian -q -u -s LocalizedStringInThisBundle -o en.lproj *.m\n\n";
			showEnvVarsInLog = 0;
		};
/* End PBXShellScriptBuildPhase section */

/* Begin PBXSourcesBuildPhase section */
		8D5B49B1048680CD000E48DA /* Sources */ = {
			isa = PBXSourcesBuildPhase;
			buildActionMask = 2147483647;
			files = (
				3C4A185B0D5F9BFB009476BF /* DiggPlugIn.m in Sources */,
			);
			runOnlyForDeploymentPostprocessing = 0;
		};
/* End PBXSourcesBuildPhase section */

/* Begin PBXVariantGroup section */
		089C167DFE841241C02AAC07 /* InfoPlist.strings */ = {
			isa = PBXVariantGroup;
			children = (
				3C4A18740D5F9DD5009476BF /* en */,
				3C4A18760D5F9DE0009476BF /* da */,
				3C4A18770D5F9DEA009476BF /* de */,
				3C4A18780D5F9DF9009476BF /* fr */,
				3C4A18790D5F9E02009476BF /* it */,
				3C4A187A0D5F9E0A009476BF /* ja */,
				3C4A187B0D5F9E12009476BF /* zh_CN */,
				3C4A187C0D5F9E1A009476BF /* zh_TW */,
			);
			name = InfoPlist.strings;
			sourceTree = "<group>";
		};
		3C322C691190D45A00D21673 /* DiggInspector.xib */ = {
			isa = PBXVariantGroup;
			children = (
				3C322C6A1190D45A00D21673 /* en */,
			);
			name = DiggInspector.xib;
			sourceTree = "<group>";
		};
		3C4A187D0D5F9E25009476BF /* Localizable.strings */ = {
			isa = PBXVariantGroup;
			children = (
				3C4A187E0D5F9E25009476BF /* en */,
				3C4A18800D5F9E2D009476BF /* da */,
				3C4A18830D5F9E46009476BF /* de */,
				3C4A18840D5F9E4E009476BF /* fr */,
				3C4A18850D5F9E55009476BF /* it */,
				3C4A18860D5F9E5D009476BF /* ja */,
				3C4A18870D5F9E66009476BF /* zh_CN */,
				3C4A18880D5F9E6E009476BF /* zh_TW */,
			);
			name = Localizable.strings;
			sourceTree = "<group>";
		};
		3C4A18890D5F9EAC009476BF /* DiggPagelet.nib */ = {
			isa = PBXVariantGroup;
			children = (
				3C4A188A0D5F9EAC009476BF /* en */,
				3C4A188C0D5F9EB6009476BF /* da */,
				3C4A188D0D5F9EBB009476BF /* de */,
				3C4A188E0D5F9EC2009476BF /* fr */,
				3C4A188F0D5F9EC8009476BF /* it */,
				3C4A18900D5F9ECF009476BF /* ja */,
				3C4A18910D5F9ED5009476BF /* zh_CN */,
				3C4A18920D5F9EDA009476BF /* zh_TW */,
			);
			name = DiggPagelet.nib;
			sourceTree = "<group>";
		};
/* End PBXVariantGroup section */

/* Begin XCBuildConfiguration section */
		1DEB913B08733D840010E9CD /* Debug */ = {
			isa = XCBuildConfiguration;
			baseConfigurationReference = 3C4A18620D5F9D67009476BF /* Debug.xcconfig */;
			buildSettings = {
				INFOPLIST_FILE = Info.plist;
				PRODUCT_NAME = Digg;
				WRAPPER_EXTENSION = svxElement;
			};
			name = Debug;
		};
		1DEB913C08733D840010E9CD /* Release */ = {
			isa = XCBuildConfiguration;
			baseConfigurationReference = 3C4A18630D5F9D67009476BF /* Release.xcconfig */;
			buildSettings = {
				INFOPLIST_FILE = Info.plist;
				PRODUCT_NAME = Digg;
				WRAPPER_EXTENSION = svxElement;
			};
			name = Release;
		};
		1DEB913F08733D840010E9CD /* Debug */ = {
			isa = XCBuildConfiguration;
			buildSettings = {
				GCC_WARN_ABOUT_RETURN_TYPE = YES;
				GCC_WARN_UNUSED_VARIABLE = YES;
				PREBINDING = NO;
				SDKROOT = "$(DEVELOPER_SDK_DIR)/MacOSX10.5.sdk";
			};
			name = Debug;
		};
		1DEB914008733D840010E9CD /* Release */ = {
			isa = XCBuildConfiguration;
			buildSettings = {
				ARCHS = (
					ppc,
					i386,
				);
				GCC_WARN_ABOUT_RETURN_TYPE = YES;
				GCC_WARN_UNUSED_VARIABLE = YES;
				PREBINDING = NO;
				SDKROOT = "$(DEVELOPER_SDK_DIR)/MacOSX10.5.sdk";
			};
			name = Release;
		};
/* End XCBuildConfiguration section */

/* Begin XCConfigurationList section */
		1DEB913A08733D840010E9CD /* Build configuration list for PBXNativeTarget "DiggElement" */ = {
			isa = XCConfigurationList;
			buildConfigurations = (
				1DEB913B08733D840010E9CD /* Debug */,
				1DEB913C08733D840010E9CD /* Release */,
			);
			defaultConfigurationIsVisible = 0;
			defaultConfigurationName = Release;
		};
		1DEB913E08733D840010E9CD /* Build configuration list for PBXProject "DiggElement" */ = {
			isa = XCConfigurationList;
			buildConfigurations = (
				1DEB913F08733D840010E9CD /* Debug */,
				1DEB914008733D840010E9CD /* Release */,
			);
			defaultConfigurationIsVisible = 0;
			defaultConfigurationName = Release;
		};
/* End XCConfigurationList section */
	};
	rootObject = 089C1669FE841209C02AAC07 /* Project object */;
}
