// !$*UTF8*$!
{
	archiveVersion = 1;
	classes = {
	};
	objectVersion = 44;
	objects = {

/* Begin PBXBuildFile section */
		3C5FA5250D4FB4540046CF3D /* loremipsum1.html in Resources */ = {isa = PBXBuildFile; fileRef = 3C5FA5230D4FB4540046CF3D /* loremipsum1.html */; };
		3C5FA5260D4FB4540046CF3D /* loremipsum2.html in Resources */ = {isa = PBXBuildFile; fileRef = 3C5FA5240D4FB4540046CF3D /* loremipsum2.html */; };
		3C5FA52D0D4FB4C00046CF3D /* RichTextElementDelegate.m in Sources */ = {isa = PBXBuildFile; fileRef = 3C5FA52C0D4FB4C00046CF3D /* RichTextElementDelegate.m */; };
		3C5FA5310D4FB4CB0046CF3D /* RichTextElementTemplate.html in Resources */ = {isa = PBXBuildFile; fileRef = 3C5FA5300D4FB4CB0046CF3D /* RichTextElementTemplate.html */; };
		3C5FA5C30D4FB80A0046CF3D /* WebKit.framework in Frameworks */ = {isa = PBXBuildFile; fileRef = 3C5FA5C20D4FB80A0046CF3D /* WebKit.framework */; };
		3C5FA6320D4FD15B0046CF3D /* InfoPlist.strings in Resources */ = {isa = PBXBuildFile; fileRef = 3C5FA6300D4FD15B0046CF3D /* InfoPlist.strings */; };
		8D5B49B4048680CD000E48DA /* Cocoa.framework in Frameworks */ = {isa = PBXBuildFile; fileRef = 1058C7ADFEA557BF11CA2CBB /* Cocoa.framework */; };
/* End PBXBuildFile section */

/* Begin PBXFileReference section */
		089C1672FE841209C02AAC07 /* Foundation.framework */ = {isa = PBXFileReference; lastKnownFileType = wrapper.framework; name = Foundation.framework; path = /System/Library/Frameworks/Foundation.framework; sourceTree = "<absolute>"; };
		089C167FFE841241C02AAC07 /* AppKit.framework */ = {isa = PBXFileReference; lastKnownFileType = wrapper.framework; name = AppKit.framework; path = /System/Library/Frameworks/AppKit.framework; sourceTree = "<absolute>"; };
		1058C7ADFEA557BF11CA2CBB /* Cocoa.framework */ = {isa = PBXFileReference; lastKnownFileType = wrapper.framework; name = Cocoa.framework; path = /System/Library/Frameworks/Cocoa.framework; sourceTree = "<absolute>"; };
		32DBCF630370AF2F00C91783 /* RichTextElement_Prefix.pch */ = {isa = PBXFileReference; fileEncoding = 4; lastKnownFileType = sourcecode.c.h; path = RichTextElement_Prefix.pch; sourceTree = "<group>"; };
		3C4C691E0D6408D500398BDA /* Debug.xcconfig */ = {isa = PBXFileReference; fileEncoding = 4; lastKnownFileType = text.xcconfig; name = Debug.xcconfig; path = ../../Configurations/Debug.xcconfig; sourceTree = SOURCE_ROOT; };
		3C4C691F0D6408D500398BDA /* Release.xcconfig */ = {isa = PBXFileReference; fileEncoding = 4; lastKnownFileType = text.xcconfig; name = Release.xcconfig; path = ../../Configurations/Release.xcconfig; sourceTree = SOURCE_ROOT; };
		3C5FA5230D4FB4540046CF3D /* loremipsum1.html */ = {isa = PBXFileReference; fileEncoding = 4; lastKnownFileType = text.html; path = loremipsum1.html; sourceTree = "<group>"; };
		3C5FA5240D4FB4540046CF3D /* loremipsum2.html */ = {isa = PBXFileReference; fileEncoding = 4; lastKnownFileType = text.html; path = loremipsum2.html; sourceTree = "<group>"; };
		3C5FA52B0D4FB4C00046CF3D /* RichTextElementDelegate.h */ = {isa = PBXFileReference; fileEncoding = 4; lastKnownFileType = sourcecode.c.h; path = RichTextElementDelegate.h; sourceTree = "<group>"; };
		3C5FA52C0D4FB4C00046CF3D /* RichTextElementDelegate.m */ = {isa = PBXFileReference; fileEncoding = 4; lastKnownFileType = sourcecode.c.objc; path = RichTextElementDelegate.m; sourceTree = "<group>"; };
		3C5FA5300D4FB4CB0046CF3D /* RichTextElementTemplate.html */ = {isa = PBXFileReference; fileEncoding = 4; lastKnownFileType = text.html; path = RichTextElementTemplate.html; sourceTree = "<group>"; };
		3C5FA5C20D4FB80A0046CF3D /* WebKit.framework */ = {isa = PBXFileReference; lastKnownFileType = wrapper.framework; name = WebKit.framework; path = /System/Library/Frameworks/WebKit.framework; sourceTree = "<absolute>"; };
		3C5FA6310D4FD15B0046CF3D /* en */ = {isa = PBXFileReference; fileEncoding = 10; lastKnownFileType = text.plist.strings; lineEnding = 0; name = en; path = en.lproj/InfoPlist.strings; sourceTree = "<group>"; };
		3C5FA6370D4FD17D0046CF3D /* da */ = {isa = PBXFileReference; fileEncoding = 10; lastKnownFileType = text.plist.strings; lineEnding = 0; name = da; path = da.lproj/InfoPlist.strings; sourceTree = "<group>"; };
		3C5FA63A0D4FD18B0046CF3D /* de */ = {isa = PBXFileReference; fileEncoding = 10; lastKnownFileType = text.plist.strings; lineEnding = 0; name = de; path = de.lproj/InfoPlist.strings; sourceTree = "<group>"; };
		3C5FA63D0D4FD1A50046CF3D /* fr */ = {isa = PBXFileReference; fileEncoding = 10; lastKnownFileType = text.plist.strings; lineEnding = 0; name = fr; path = fr.lproj/InfoPlist.strings; sourceTree = "<group>"; };
		3C5FA6400D4FD1B20046CF3D /* it */ = {isa = PBXFileReference; fileEncoding = 10; lastKnownFileType = text.plist.strings; lineEnding = 0; name = it; path = it.lproj/InfoPlist.strings; sourceTree = "<group>"; };
		3C5FA6430D4FD1BC0046CF3D /* ja */ = {isa = PBXFileReference; fileEncoding = 10; lastKnownFileType = text.plist.strings; lineEnding = 0; name = ja; path = ja.lproj/InfoPlist.strings; sourceTree = "<group>"; };
		3C5FA6460D4FD1C60046CF3D /* zh_CN */ = {isa = PBXFileReference; fileEncoding = 10; lastKnownFileType = text.plist.strings; lineEnding = 0; name = zh_CN; path = zh_CN.lproj/InfoPlist.strings; sourceTree = "<group>"; };
		3C5FA6490D4FD1D00046CF3D /* zh_TW */ = {isa = PBXFileReference; fileEncoding = 10; lastKnownFileType = text.plist.strings; lineEnding = 0; name = zh_TW; path = zh_TW.lproj/InfoPlist.strings; sourceTree = "<group>"; };
		8D5B49B6048680CD000E48DA /* RichText.svxElement */ = {isa = PBXFileReference; explicitFileType = wrapper.cfbundle; includeInIndex = 0; path = RichText.svxElement; sourceTree = BUILT_PRODUCTS_DIR; };
		8D5B49B7048680CD000E48DA /* Info.plist */ = {isa = PBXFileReference; fileEncoding = 4; lastKnownFileType = text.plist.xml; path = Info.plist; sourceTree = "<group>"; };
		CEB4FDEB10309E4E0054C9BE /* pt_BR */ = {isa = PBXFileReference; lastKnownFileType = text.plist.strings; name = pt_BR; path = pt_BR.lproj/InfoPlist.strings; sourceTree = "<group>"; };
		D2F7E65807B2D6F200F64583 /* CoreData.framework */ = {isa = PBXFileReference; lastKnownFileType = wrapper.framework; name = CoreData.framework; path = /System/Library/Frameworks/CoreData.framework; sourceTree = "<absolute>"; };
/* End PBXFileReference section */

/* Begin PBXFrameworksBuildPhase section */
		8D5B49B3048680CD000E48DA /* Frameworks */ = {
			isa = PBXFrameworksBuildPhase;
			buildActionMask = 2147483647;
			files = (
				8D5B49B4048680CD000E48DA /* Cocoa.framework in Frameworks */,
				3C5FA5C30D4FB80A0046CF3D /* WebKit.framework in Frameworks */,
			);
			runOnlyForDeploymentPostprocessing = 0;
		};
/* End PBXFrameworksBuildPhase section */

/* Begin PBXGroup section */
		089C166AFE841209C02AAC07 /* RichTextElement */ = {
			isa = PBXGroup;
			children = (
				08FB77AFFE84173DC02AAC07 /* Classes */,
				32C88E010371C26100C91783 /* Other Sources */,
				089C167CFE841241C02AAC07 /* Resources */,
				089C1671FE841209C02AAC07 /* Frameworks and Libraries */,
				19C28FB8FE9D52D311CA2CBB /* Products */,
				3C5FA4FA0D4FAFD30046CF3D /* Xcode Configurations */,
			);
			name = RichTextElement;
			sourceTree = "<group>";
		};
		089C1671FE841209C02AAC07 /* Frameworks and Libraries */ = {
			isa = PBXGroup;
			children = (
				1058C7ACFEA557BF11CA2CBB /* Linked Frameworks */,
				1058C7AEFEA557BF11CA2CBB /* Other Frameworks */,
			);
			name = "Frameworks and Libraries";
			sourceTree = "<group>";
		};
		089C167CFE841241C02AAC07 /* Resources */ = {
			isa = PBXGroup;
			children = (
				8D5B49B7048680CD000E48DA /* Info.plist */,
				3C5FA6300D4FD15B0046CF3D /* InfoPlist.strings */,
				3C5FA5300D4FB4CB0046CF3D /* RichTextElementTemplate.html */,
				3C5FA5230D4FB4540046CF3D /* loremipsum1.html */,
				3C5FA5240D4FB4540046CF3D /* loremipsum2.html */,
			);
			name = Resources;
			sourceTree = "<group>";
		};
		08FB77AFFE84173DC02AAC07 /* Classes */ = {
			isa = PBXGroup;
			children = (
				3C5FA52B0D4FB4C00046CF3D /* RichTextElementDelegate.h */,
				3C5FA52C0D4FB4C00046CF3D /* RichTextElementDelegate.m */,
			);
			name = Classes;
			sourceTree = "<group>";
		};
		1058C7ACFEA557BF11CA2CBB /* Linked Frameworks */ = {
			isa = PBXGroup;
			children = (
				3C5FA5C20D4FB80A0046CF3D /* WebKit.framework */,
				1058C7ADFEA557BF11CA2CBB /* Cocoa.framework */,
			);
			name = "Linked Frameworks";
			sourceTree = "<group>";
		};
		1058C7AEFEA557BF11CA2CBB /* Other Frameworks */ = {
			isa = PBXGroup;
			children = (
				089C167FFE841241C02AAC07 /* AppKit.framework */,
				D2F7E65807B2D6F200F64583 /* CoreData.framework */,
				089C1672FE841209C02AAC07 /* Foundation.framework */,
			);
			name = "Other Frameworks";
			sourceTree = "<group>";
		};
		19C28FB8FE9D52D311CA2CBB /* Products */ = {
			isa = PBXGroup;
			children = (
				8D5B49B6048680CD000E48DA /* RichText.svxElement */,
			);
			name = Products;
			sourceTree = "<group>";
		};
		32C88E010371C26100C91783 /* Other Sources */ = {
			isa = PBXGroup;
			children = (
				32DBCF630370AF2F00C91783 /* RichTextElement_Prefix.pch */,
			);
			name = "Other Sources";
			sourceTree = "<group>";
		};
		3C5FA4FA0D4FAFD30046CF3D /* Xcode Configurations */ = {
			isa = PBXGroup;
			children = (
				3C4C691E0D6408D500398BDA /* Debug.xcconfig */,
				3C4C691F0D6408D500398BDA /* Release.xcconfig */,
			);
			name = "Xcode Configurations";
			sourceTree = "<group>";
		};
/* End PBXGroup section */

/* Begin PBXNativeTarget section */
		8D5B49AC048680CD000E48DA /* RichTextElement */ = {
			isa = PBXNativeTarget;
			buildConfigurationList = 1DEB913A08733D840010E9CD /* Build configuration list for PBXNativeTarget "RichTextElement" */;
			buildPhases = (
				8D5B49AF048680CD000E48DA /* Resources */,
				8D5B49B1048680CD000E48DA /* Sources */,
				8D5B49B3048680CD000E48DA /* Frameworks */,
			);
			buildRules = (
			);
			dependencies = (
			);
			name = RichTextElement;
			productInstallPath = "$(HOME)/Library/Bundles";
			productName = RichTextElement;
			productReference = 8D5B49B6048680CD000E48DA /* RichText.svxElement */;
			productType = "com.apple.product-type.bundle";
		};
/* End PBXNativeTarget section */

/* Begin PBXProject section */
		089C1669FE841209C02AAC07 /* Project object */ = {
			isa = PBXProject;
			buildConfigurationList = 1DEB913E08733D840010E9CD /* Build configuration list for PBXProject "RichTextElement" */;
			compatibilityVersion = "Xcode 3.0";
			developmentRegion = en;
			hasScannedForEncodings = 1;
			knownRegions = (
				English,
				da,
				de,
				es,
				fr,
				it,
				ja,
				pt_BR,
				zh_CN,
				zh_TW,
				en,
			);
			mainGroup = 089C166AFE841209C02AAC07 /* RichTextElement */;
			projectDirPath = "";
			projectRoot = "";
			targets = (
				8D5B49AC048680CD000E48DA /* RichTextElement */,
			);
		};
/* End PBXProject section */

/* Begin PBXResourcesBuildPhase section */
		8D5B49AF048680CD000E48DA /* Resources */ = {
			isa = PBXResourcesBuildPhase;
			buildActionMask = 2147483647;
			files = (
				3C5FA5250D4FB4540046CF3D /* loremipsum1.html in Resources */,
				3C5FA5260D4FB4540046CF3D /* loremipsum2.html in Resources */,
				3C5FA5310D4FB4CB0046CF3D /* RichTextElementTemplate.html in Resources */,
				3C5FA6320D4FD15B0046CF3D /* InfoPlist.strings in Resources */,
			);
			runOnlyForDeploymentPostprocessing = 0;
		};
/* End PBXResourcesBuildPhase section */

/* Begin PBXSourcesBuildPhase section */
		8D5B49B1048680CD000E48DA /* Sources */ = {
			isa = PBXSourcesBuildPhase;
			buildActionMask = 2147483647;
			files = (
				3C5FA52D0D4FB4C00046CF3D /* RichTextElementDelegate.m in Sources */,
			);
			runOnlyForDeploymentPostprocessing = 0;
		};
/* End PBXSourcesBuildPhase section */

/* Begin PBXVariantGroup section */
		3C5FA6300D4FD15B0046CF3D /* InfoPlist.strings */ = {
			isa = PBXVariantGroup;
			children = (
				3C5FA6310D4FD15B0046CF3D /* en */,
				3C5FA6370D4FD17D0046CF3D /* da */,
				3C5FA63A0D4FD18B0046CF3D /* de */,
				3C5FA63D0D4FD1A50046CF3D /* fr */,
				3C5FA6400D4FD1B20046CF3D /* it */,
				3C5FA6430D4FD1BC0046CF3D /* ja */,
				3C5FA6460D4FD1C60046CF3D /* zh_CN */,
				3C5FA6490D4FD1D00046CF3D /* zh_TW */,
				CEB4FDEB10309E4E0054C9BE /* pt_BR */,
			);
			name = InfoPlist.strings;
			sourceTree = "<group>";
		};
/* End PBXVariantGroup section */

/* Begin XCBuildConfiguration section */
		1DEB913B08733D840010E9CD /* Debug */ = {
			isa = XCBuildConfiguration;
			baseConfigurationReference = 3C4C691E0D6408D500398BDA /* Debug.xcconfig */;
			buildSettings = {
				INFOPLIST_FILE = Info.plist;
				OTHER_LDFLAGS = (
					"-seg1addr",
					0x50260000,
				);
				PRODUCT_NAME = RichText;
				WRAPPER_EXTENSION = svxElement;
			};
			name = Debug;
		};
		1DEB913C08733D840010E9CD /* Release */ = {
			isa = XCBuildConfiguration;
			baseConfigurationReference = 3C4C691F0D6408D500398BDA /* Release.xcconfig */;
			buildSettings = {
				INFOPLIST_FILE = Info.plist;
				OTHER_LDFLAGS = (
					"-seg1addr",
					0x50260000,
				);
				PRODUCT_NAME = RichText;
				WRAPPER_EXTENSION = svxElement;
			};
			name = Release;
		};
		1DEB913F08733D840010E9CD /* Debug */ = {
			isa = XCBuildConfiguration;
			buildSettings = {
				GCC_WARN_ABOUT_RETURN_TYPE = YES;
				GCC_WARN_UNUSED_VARIABLE = YES;
				PREBINDING = NO;
			};
			name = Debug;
		};
		1DEB914008733D840010E9CD /* Release */ = {
			isa = XCBuildConfiguration;
			buildSettings = {
				ARCHS = (
					ppc,
					i386,
				);
				GCC_WARN_ABOUT_RETURN_TYPE = YES;
				GCC_WARN_UNUSED_VARIABLE = YES;
				PREBINDING = NO;
			};
			name = Release;
		};
/* End XCBuildConfiguration section */

/* Begin XCConfigurationList section */
		1DEB913A08733D840010E9CD /* Build configuration list for PBXNativeTarget "RichTextElement" */ = {
			isa = XCConfigurationList;
			buildConfigurations = (
				1DEB913B08733D840010E9CD /* Debug */,
				1DEB913C08733D840010E9CD /* Release */,
			);
			defaultConfigurationIsVisible = 0;
			defaultConfigurationName = Release;
		};
		1DEB913E08733D840010E9CD /* Build configuration list for PBXProject "RichTextElement" */ = {
			isa = XCConfigurationList;
			buildConfigurations = (
				1DEB913F08733D840010E9CD /* Debug */,
				1DEB914008733D840010E9CD /* Release */,
			);
			defaultConfigurationIsVisible = 0;
			defaultConfigurationName = Release;
		};
/* End XCConfigurationList section */
	};
	rootObject = 089C1669FE841209C02AAC07 /* Project object */;
}
