// !$*UTF8*$!
{
	archiveVersion = 1;
	classes = {
	};
	objectVersion = 44;
	objects = {

/* Begin PBXBuildFile section */
		27069F9A0E966E1F0041F149 /* Twitter.nib in Resources */ = {isa = PBXBuildFile; fileRef = 27069F980E966E1F0041F149 /* Twitter.nib */; };
		271018410E96708F0095D365 /* twitter_logo.png in Resources */ = {isa = PBXBuildFile; fileRef = 271018400E96708F0095D365 /* twitter_logo.png */; };
		2737B0210E994BFC00048D1F /* scripttemplate.html in Resources */ = {isa = PBXBuildFile; fileRef = 2737B0200E994BFC00048D1F /* scripttemplate.html */; };
		2737B0820E9A1FC200048D1F /* twittercallbacktemplate.js in Resources */ = {isa = PBXBuildFile; fileRef = 2737B0400E9977AB00048D1F /* twittercallbacktemplate.js */; };
		27DB7FAB0EA696C60099ED9E /* NSURL+Twitter.m in Sources */ = {isa = PBXBuildFile; fileRef = 27DB7FAA0EA696C60099ED9E /* NSURL+Twitter.m */; };
		3C4A185B0D5F9BFB009476BF /* TwitterElementDelegate.m in Sources */ = {isa = PBXBuildFile; fileRef = 3C4A185A0D5F9BFB009476BF /* TwitterElementDelegate.m */; };
		3C4A18610D5F9C07009476BF /* template.html in Resources */ = {isa = PBXBuildFile; fileRef = 3C4A185E0D5F9C07009476BF /* template.html */; };
		3C4A187F0D5F9E25009476BF /* Localizable.strings in Resources */ = {isa = PBXBuildFile; fileRef = 3C4A187D0D5F9E25009476BF /* Localizable.strings */; };
		3C4A189B0D5F9F5C009476BF /* License.rtf in Resources */ = {isa = PBXBuildFile; fileRef = 3C4A189A0D5F9F5C009476BF /* License.rtf */; };
		8D5B49B0048680CD000E48DA /* InfoPlist.strings in Resources */ = {isa = PBXBuildFile; fileRef = 089C167DFE841241C02AAC07 /* InfoPlist.strings */; };
		8D5B49B4048680CD000E48DA /* Cocoa.framework in Frameworks */ = {isa = PBXBuildFile; fileRef = 1058C7ADFEA557BF11CA2CBB /* Cocoa.framework */; };
		CE9EDCB40E9ACDA0001FCF32 /* t.icns in Resources */ = {isa = PBXBuildFile; fileRef = CE9EDCB30E9ACDA0001FCF32 /* t.icns */; };
/* End PBXBuildFile section */

/* Begin PBXFileReference section */
		089C1672FE841209C02AAC07 /* Foundation.framework */ = {isa = PBXFileReference; lastKnownFileType = wrapper.framework; name = Foundation.framework; path = /System/Library/Frameworks/Foundation.framework; sourceTree = "<absolute>"; };
		089C167FFE841241C02AAC07 /* AppKit.framework */ = {isa = PBXFileReference; lastKnownFileType = wrapper.framework; name = AppKit.framework; path = /System/Library/Frameworks/AppKit.framework; sourceTree = "<absolute>"; };
		1058C7ADFEA557BF11CA2CBB /* Cocoa.framework */ = {isa = PBXFileReference; lastKnownFileType = wrapper.framework; name = Cocoa.framework; path = /System/Library/Frameworks/Cocoa.framework; sourceTree = "<absolute>"; };
		27069F990E966E1F0041F149 /* en */ = {isa = PBXFileReference; lastKnownFileType = wrapper.nib; name = en; path = en.lproj/Twitter.nib; sourceTree = "<group>"; };
		271018400E96708F0095D365 /* twitter_logo.png */ = {isa = PBXFileReference; lastKnownFileType = image.png; path = twitter_logo.png; sourceTree = "<group>"; };
		2737B0200E994BFC00048D1F /* scripttemplate.html */ = {isa = PBXFileReference; fileEncoding = 4; lastKnownFileType = text.html; path = scripttemplate.html; sourceTree = "<group>"; };
		2737B0400E9977AB00048D1F /* twittercallbacktemplate.js */ = {isa = PBXFileReference; fileEncoding = 4; lastKnownFileType = sourcecode.javascript; path = twittercallbacktemplate.js; sourceTree = "<group>"; };
		27DB7FA90EA696C60099ED9E /* NSURL+Twitter.h */ = {isa = PBXFileReference; fileEncoding = 4; lastKnownFileType = sourcecode.c.h; path = "NSURL+Twitter.h"; sourceTree = "<group>"; };
		27DB7FAA0EA696C60099ED9E /* NSURL+Twitter.m */ = {isa = PBXFileReference; fileEncoding = 4; lastKnownFileType = sourcecode.c.objc; path = "NSURL+Twitter.m"; sourceTree = "<group>"; };
		32DBCF630370AF2F00C91783 /* TwitterElement_Prefix.pch */ = {isa = PBXFileReference; fileEncoding = 4; lastKnownFileType = sourcecode.c.h; path = TwitterElement_Prefix.pch; sourceTree = "<group>"; };
		3C4A18590D5F9BFB009476BF /* TwitterElementDelegate.h */ = {isa = PBXFileReference; fileEncoding = 4; lastKnownFileType = sourcecode.c.h; path = TwitterElementDelegate.h; sourceTree = "<group>"; };
		3C4A185A0D5F9BFB009476BF /* TwitterElementDelegate.m */ = {isa = PBXFileReference; fileEncoding = 4; lastKnownFileType = sourcecode.c.objc; path = TwitterElementDelegate.m; sourceTree = "<group>"; };
		3C4A185E0D5F9C07009476BF /* template.html */ = {isa = PBXFileReference; fileEncoding = 4; lastKnownFileType = text.html; path = template.html; sourceTree = "<group>"; };
		3C4A18620D5F9D67009476BF /* Debug.xcconfig */ = {isa = PBXFileReference; fileEncoding = 4; lastKnownFileType = text.xcconfig; name = Debug.xcconfig; path = ../../Configurations/Debug.xcconfig; sourceTree = SOURCE_ROOT; };
		3C4A18630D5F9D67009476BF /* Release.xcconfig */ = {isa = PBXFileReference; fileEncoding = 4; lastKnownFileType = text.xcconfig; name = Release.xcconfig; path = ../../Configurations/Release.xcconfig; sourceTree = SOURCE_ROOT; };
		3C4A18740D5F9DD5009476BF /* en */ = {isa = PBXFileReference; fileEncoding = 10; lastKnownFileType = text.plist.strings; lineEnding = 0; name = en; path = en.lproj/InfoPlist.strings; sourceTree = "<group>"; };
		3C4A187E0D5F9E25009476BF /* en */ = {isa = PBXFileReference; fileEncoding = 10; lastKnownFileType = text.plist.strings; lineEnding = 0; name = en; path = en.lproj/Localizable.strings; sourceTree = "<group>"; };
		3C4A189A0D5F9F5C009476BF /* License.rtf */ = {isa = PBXFileReference; lastKnownFileType = text.rtf; name = License.rtf; path = ../../License.rtf; sourceTree = SOURCE_ROOT; };
		8D5B49B6048680CD000E48DA /* Twitter.svxElement */ = {isa = PBXFileReference; explicitFileType = wrapper.cfbundle; includeInIndex = 0; path = Twitter.svxElement; sourceTree = BUILT_PRODUCTS_DIR; };
		8D5B49B7048680CD000E48DA /* Info.plist */ = {isa = PBXFileReference; fileEncoding = 4; lastKnownFileType = text.plist.xml; path = Info.plist; sourceTree = "<group>"; };
		CE9EDCB30E9ACDA0001FCF32 /* t.icns */ = {isa = PBXFileReference; lastKnownFileType = image.icns; path = t.icns; sourceTree = "<group>"; };
		D2F7E65807B2D6F200F64583 /* CoreData.framework */ = {isa = PBXFileReference; lastKnownFileType = wrapper.framework; name = CoreData.framework; path = /System/Library/Frameworks/CoreData.framework; sourceTree = "<absolute>"; };
/* End PBXFileReference section */

/* Begin PBXFrameworksBuildPhase section */
		8D5B49B3048680CD000E48DA /* Frameworks */ = {
			isa = PBXFrameworksBuildPhase;
			buildActionMask = 2147483647;
			files = (
				8D5B49B4048680CD000E48DA /* Cocoa.framework in Frameworks */,
			);
			runOnlyForDeploymentPostprocessing = 0;
		};
/* End PBXFrameworksBuildPhase section */

/* Begin PBXGroup section */
		089C166AFE841209C02AAC07 /* DiggElement */ = {
			isa = PBXGroup;
			children = (
				08FB77AFFE84173DC02AAC07 /* Classes */,
				32C88E010371C26100C91783 /* Other Sources */,
				089C167CFE841241C02AAC07 /* Resources */,
				089C1671FE841209C02AAC07 /* Frameworks and Libraries */,
				19C28FB8FE9D52D311CA2CBB /* Products */,
				3C4A18660D5F9D6B009476BF /* Xcode Configurations */,
			);
			name = DiggElement;
			sourceTree = "<group>";
		};
		089C1671FE841209C02AAC07 /* Frameworks and Libraries */ = {
			isa = PBXGroup;
			children = (
				1058C7ACFEA557BF11CA2CBB /* Linked Frameworks */,
				1058C7AEFEA557BF11CA2CBB /* Other Frameworks */,
			);
			name = "Frameworks and Libraries";
			sourceTree = "<group>";
		};
		089C167CFE841241C02AAC07 /* Resources */ = {
			isa = PBXGroup;
			children = (
				CE9EDCB30E9ACDA0001FCF32 /* t.icns */,
				271018400E96708F0095D365 /* twitter_logo.png */,
				27069F980E966E1F0041F149 /* Twitter.nib */,
				3C4A185E0D5F9C07009476BF /* template.html */,
				8D5B49B7048680CD000E48DA /* Info.plist */,
				089C167DFE841241C02AAC07 /* InfoPlist.strings */,
				3C4A187D0D5F9E25009476BF /* Localizable.strings */,
				3C4A189A0D5F9F5C009476BF /* License.rtf */,
				2737B0200E994BFC00048D1F /* scripttemplate.html */,
				2737B0400E9977AB00048D1F /* twittercallbacktemplate.js */,
			);
			name = Resources;
			sourceTree = "<group>";
		};
		08FB77AFFE84173DC02AAC07 /* Classes */ = {
			isa = PBXGroup;
			children = (
				3C4A18590D5F9BFB009476BF /* TwitterElementDelegate.h */,
				3C4A185A0D5F9BFB009476BF /* TwitterElementDelegate.m */,
				27DB7FA90EA696C60099ED9E /* NSURL+Twitter.h */,
				27DB7FAA0EA696C60099ED9E /* NSURL+Twitter.m */,
			);
			name = Classes;
			sourceTree = "<group>";
		};
		1058C7ACFEA557BF11CA2CBB /* Linked Frameworks */ = {
			isa = PBXGroup;
			children = (
				1058C7ADFEA557BF11CA2CBB /* Cocoa.framework */,
			);
			name = "Linked Frameworks";
			sourceTree = "<group>";
		};
		1058C7AEFEA557BF11CA2CBB /* Other Frameworks */ = {
			isa = PBXGroup;
			children = (
				089C167FFE841241C02AAC07 /* AppKit.framework */,
				D2F7E65807B2D6F200F64583 /* CoreData.framework */,
				089C1672FE841209C02AAC07 /* Foundation.framework */,
			);
			name = "Other Frameworks";
			sourceTree = "<group>";
		};
		19C28FB8FE9D52D311CA2CBB /* Products */ = {
			isa = PBXGroup;
			children = (
				8D5B49B6048680CD000E48DA /* Twitter.svxElement */,
			);
			name = Products;
			sourceTree = "<group>";
		};
		32C88E010371C26100C91783 /* Other Sources */ = {
			isa = PBXGroup;
			children = (
				32DBCF630370AF2F00C91783 /* TwitterElement_Prefix.pch */,
			);
			name = "Other Sources";
			sourceTree = "<group>";
		};
		3C4A18660D5F9D6B009476BF /* Xcode Configurations */ = {
			isa = PBXGroup;
			children = (
				3C4A18620D5F9D67009476BF /* Debug.xcconfig */,
				3C4A18630D5F9D67009476BF /* Release.xcconfig */,
			);
			name = "Xcode Configurations";
			sourceTree = "<group>";
		};
/* End PBXGroup section */

/* Begin PBXNativeTarget section */
		8D5B49AC048680CD000E48DA /* TwitterElement */ = {
			isa = PBXNativeTarget;
			buildConfigurationList = 1DEB913A08733D840010E9CD /* Build configuration list for PBXNativeTarget "TwitterElement" */;
			buildPhases = (
				8D5B49B1048680CD000E48DA /* Sources */,
				8D5B49B3048680CD000E48DA /* Frameworks */,
				3C4A18960D5F9EF7009476BF /* Generate Localizable.strings */,
				8D5B49AF048680CD000E48DA /* Resources */,
			);
			buildRules = (
			);
			dependencies = (
			);
			name = TwitterElement;
			productInstallPath = "$(HOME)/Library/Bundles";
			productName = DiggElement;
			productReference = 8D5B49B6048680CD000E48DA /* Twitter.svxElement */;
			productType = "com.apple.product-type.bundle";
		};
/* End PBXNativeTarget section */

/* Begin PBXProject section */
		089C1669FE841209C02AAC07 /* Project object */ = {
			isa = PBXProject;
			buildConfigurationList = 1DEB913E08733D840010E9CD /* Build configuration list for PBXProject "TwitterElement" */;
			compatibilityVersion = "Xcode 3.0";
			hasScannedForEncodings = 1;
			developmentRegion = en;
knownRegions = (
				en,
				da,
				de,
				fr,
				it,
				ja,
				zh_CN,
				zh_TW,
			);
			mainGroup = 089C166AFE841209C02AAC07 /* DiggElement */;
			projectDirPath = "";
			projectRoot = "";
			targets = (
				8D5B49AC048680CD000E48DA /* TwitterElement */,
			);
		};
/* End PBXProject section */

/* Begin PBXResourcesBuildPhase section */
		8D5B49AF048680CD000E48DA /* Resources */ = {
			isa = PBXResourcesBuildPhase;
			buildActionMask = 2147483647;
			files = (
				2737B0820E9A1FC200048D1F /* twittercallbacktemplate.js in Resources */,
				8D5B49B0048680CD000E48DA /* InfoPlist.strings in Resources */,
				3C4A18610D5F9C07009476BF /* template.html in Resources */,
				3C4A187F0D5F9E25009476BF /* Localizable.strings in Resources */,
				3C4A189B0D5F9F5C009476BF /* License.rtf in Resources */,
				27069F9A0E966E1F0041F149 /* Twitter.nib in Resources */,
				271018410E96708F0095D365 /* twitter_logo.png in Resources */,
				2737B0210E994BFC00048D1F /* scripttemplate.html in Resources */,
				CE9EDCB40E9ACDA0001FCF32 /* t.icns in Resources */,
			);
			runOnlyForDeploymentPostprocessing = 0;
		};
/* End PBXResourcesBuildPhase section */

/* Begin PBXShellScriptBuildPhase section */
		3C4A18960D5F9EF7009476BF /* Generate Localizable.strings */ = {
			isa = PBXShellScriptBuildPhase;
			buildActionMask = 8;
			files = (
			);
			inputPaths = (
			);
			name = "Generate Localizable.strings";
			outputPaths = (
			);
			runOnlyForDeploymentPostprocessing = 1;
			shellPath = /bin/sh;
			shellScript = "echo \"Generating Localizable.strings ...\"\n\ncd ${SRCROOT}\ngenstrings -littleEndian -q -u -s LocalizedStringInThisBundle -o en.lproj *.m\n\n";
			showEnvVarsInLog = 0;
		};
/* End PBXShellScriptBuildPhase section */

/* Begin PBXSourcesBuildPhase section */
		8D5B49B1048680CD000E48DA /* Sources */ = {
			isa = PBXSourcesBuildPhase;
			buildActionMask = 2147483647;
			files = (
				3C4A185B0D5F9BFB009476BF /* TwitterElementDelegate.m in Sources */,
				27DB7FAB0EA696C60099ED9E /* NSURL+Twitter.m in Sources */,
			);
			runOnlyForDeploymentPostprocessing = 0;
		};
/* End PBXSourcesBuildPhase section */

/* Begin PBXVariantGroup section */
		089C167DFE841241C02AAC07 /* InfoPlist.strings */ = {
			isa = PBXVariantGroup;
			children = (
				3C4A18740D5F9DD5009476BF /* en */,
			);
			name = InfoPlist.strings;
			sourceTree = "<group>";
		};
		27069F980E966E1F0041F149 /* Twitter.nib */ = {
			isa = PBXVariantGroup;
			children = (
				27069F990E966E1F0041F149 /* en */,
			);
			name = Twitter.nib;
			sourceTree = "<group>";
		};
		3C4A187D0D5F9E25009476BF /* Localizable.strings */ = {
			isa = PBXVariantGroup;
			children = (
				3C4A187E0D5F9E25009476BF /* en */,
			);
			name = Localizable.strings;
			sourceTree = "<group>";
		};
/* End PBXVariantGroup section */

/* Begin XCBuildConfiguration section */
		1DEB913B08733D840010E9CD /* Debug */ = {
			isa = XCBuildConfiguration;
			baseConfigurationReference = 3C4A18620D5F9D67009476BF /* Debug.xcconfig */;
			buildSettings = {
				INFOPLIST_FILE = Info.plist;
				PRODUCT_NAME = Twitter;
				WRAPPER_EXTENSION = svxElement;
			};
			name = Debug;
		};
		1DEB913C08733D840010E9CD /* Release */ = {
			isa = XCBuildConfiguration;
			baseConfigurationReference = 3C4A18630D5F9D67009476BF /* Release.xcconfig */;
			buildSettings = {
				INFOPLIST_FILE = Info.plist;
				PRODUCT_NAME = Twitter;
				WRAPPER_EXTENSION = svxElement;
			};
			name = Release;
		};
		1DEB913F08733D840010E9CD /* Debug */ = {
			isa = XCBuildConfiguration;
			buildSettings = {
			};
			name = Debug;
		};
		1DEB914008733D840010E9CD /* Release */ = {
			isa = XCBuildConfiguration;
			buildSettings = {
			};
			name = Release;
		};
/* End XCBuildConfiguration section */

/* Begin XCConfigurationList section */
		1DEB913A08733D840010E9CD /* Build configuration list for PBXNativeTarget "TwitterElement" */ = {
			isa = XCConfigurationList;
			buildConfigurations = (
				1DEB913B08733D840010E9CD /* Debug */,
				1DEB913C08733D840010E9CD /* Release */,
			);
			defaultConfigurationIsVisible = 0;
			defaultConfigurationName = Release;
		};
		1DEB913E08733D840010E9CD /* Build configuration list for PBXProject "TwitterElement" */ = {
			isa = XCConfigurationList;
			buildConfigurations = (
				1DEB913F08733D840010E9CD /* Debug */,
				1DEB914008733D840010E9CD /* Release */,
			);
			defaultConfigurationIsVisible = 0;
			defaultConfigurationName = Release;
		};
/* End XCConfigurationList section */
	};
	rootObject = 089C1669FE841209C02AAC07 /* Project object */;
}
